Microsoft Visual Studio Solution File, Format Version 10.00
# Visual Studio 2008
Project("{8BC9CEB8-8B4A-11D0-8D11-00A0C91BC942}") = "kernel", "kernel\kernel.vcproj", "{B6949322-0A78-401F-9E5D-68D617663608}"
	ProjectSection(ProjectDependencies) = postProject
		{4D1C6B71-60D3-4ED8-AD7A-AD7267C4ED93} = {4D1C6B71-60D3-4ED8-AD7A-AD7267C4ED93}
	EndProjectSection
EndProject
Project("{8BC9CEB8-8B4A-11D0-8D11-00A0C91BC942}") = "fdimage", "fdimage\fdimage.vcproj", "{9EF4EE51-65E9-4D9A-9C45-2F3F2C5FEE1A}"
	ProjectSection(ProjectDependencies) = postProject
		{81B0A306-C48B-4401-80D4-D477C40114E2} = {81B0A306-C48B-4401-80D4-D477C40114E2}
		{B6949322-0A78-401F-9E5D-68D617663608} = {B6949322-0A78-401F-9E5D-68D617663608}
	EndProjectSection
EndProject
Project("{FAE04EC0-301F-11D3-BF4B-00C04F79EFBC}") = "application", "application\application.csproj", "{527A2703-5BC0-4B93-BC13-E2EA367F0B20}"
EndProject
Project("{8BC9CEB8-8B4A-11D0-8D11-00A0C91BC942}") = "cstdlib", "cstdlib\cstdlib.vcproj", "{4D1C6B71-60D3-4ED8-AD7A-AD7267C4ED93}"
EndProject
Project("{8BC9CEB8-8B4A-11D0-8D11-00A0C91BC942}") = "cdimage", "cdimage\cdimage.vcproj", "{E5013906-C2ED-47AA-AC82-D924B40D572E}"
	ProjectSection(ProjectDependencies) = postProject
		{9EF4EE51-65E9-4D9A-9C45-2F3F2C5FEE1A} = {9EF4EE51-65E9-4D9A-9C45-2F3F2C5FEE1A}
	EndProjectSection
EndProject
Project("{FAE04EC0-301F-11D3-BF4B-00C04F79EFBC}") = "freetypetest", "freetypetest\freetypetest.csproj", "{7484BD0B-0897-4C65-B1EF-3DA94A3DBA9D}"
EndProject
Project("{8BC9CEB8-8B4A-11D0-8D11-00A0C91BC942}") = "csbridge", "csbridge\csbridge.vcproj", "{F011B9A0-C334-41EF-B42A-B16E999453DC}"
EndProject
Project("{FAE04EC0-301F-11D3-BF4B-00C04F79EFBC}") = "cscorlib", "cscorlib\cscorlib.csproj", "{94A0A262-6D0C-4775-B097-A16E39269E2C}"
EndProject
Project("{8BC9CEB8-8B4A-11D0-8D11-00A0C91BC942}") = "cskorlib", "cskorlib\cskorlib.vcproj", "{D871E6FC-6CC1-4B3B-AB1F-4BEDB7C6144C}"
EndProject
Project("{8BC9CEB8-8B4A-11D0-8D11-00A0C91BC942}") = "test_kernel", "test_kernel\test_kernel.vcproj", "{E143F776-9CD8-483F-8879-0115490AB962}"
	ProjectSection(ProjectDependencies) = postProject
		{E5013906-C2ED-47AA-AC82-D924B40D572E} = {E5013906-C2ED-47AA-AC82-D924B40D572E}
	EndProjectSection
EndProject
Project("{FAE04EC0-301F-11D3-BF4B-00C04F79EFBC}") = "test_corlib", "test_corlib\test_corlib.csproj", "{45B77FA6-F0A1-406B-978A-22BBE7D716EA}"
EndProject
Project("{FAE04EC0-301F-11D3-BF4B-00C04F79EFBC}") = "precompile", "precompile\precompile.csproj", "{6896D709-B339-4446-A0E1-20EE2C61834D}"
EndProject
Project("{FAE04EC0-301F-11D3-BF4B-00C04F79EFBC}") = "csgraphics", "csgraphics\csgraphics.csproj", "{6E0DFE58-21DB-468A-A36A-792A2B6D20C3}"
EndProject
Project("{FAE04EC0-301F-11D3-BF4B-00C04F79EFBC}") = "ia32toolkit", "ia32toolkit\ia32toolkit.csproj", "{E2034A56-5FB2-4789-8E09-9FE0C8FBDDF6}"
EndProject
Project("{8BC9CEB8-8B4A-11D0-8D11-00A0C91BC942}") = "bootloader", "bootloader\bootloader.vcproj", "{81B0A306-C48B-4401-80D4-D477C40114E2}"
EndProject
Project("{FAE04EC0-301F-11D3-BF4B-00C04F79EFBC}") = "ia32assembler", "ia32assembler\ia32assembler.csproj", "{8952F266-E92D-4FEB-AD76-1743841FDFF4}"
EndProject
Project("{8BC9CEB8-8B4A-11D0-8D11-00A0C91BC942}") = "freetype", "freetype\freetype-2.1.10\freetype.vcproj", "{78B079BD-9FC7-4B9E-B4A6-96DA0F00248B}"
EndProject
Project("{FAE04EC0-301F-11D3-BF4B-00C04F79EFBC}") = "PERWAPI", "PERWAPI\PERWAPI.csproj", "{0FA84D88-F2DE-4D50-B0EF-0CB727846392}"
EndProject
Project("{E6FDF86B-F3D1-11D4-8576-0002A516ECE8}") = "MMTk", "MMTk\MMTk.vjsproj", "{AF679394-2877-4DF0-9F89-5F177E77B224}"
EndProject
Project("{FAE04EC0-301F-11D3-BF4B-00C04F79EFBC}") = "flex", "flex\flex.csproj", "{FCCAD6FD-56DC-4E95-8100-61FE7A563A9F}"
EndProject
Project("{FAE04EC0-301F-11D3-BF4B-00C04F79EFBC}") = "csinterpret", "csinterpret\csinterpret.csproj", "{B7C214FF-5321-4F54-BED2-830DDD889896}"
EndProject
Project("{FAE04EC0-301F-11D3-BF4B-00C04F79EFBC}") = "csutility", "csutility\csutility.csproj", "{FF7256E9-F3AC-484C-924F-52F33177F73B}"
EndProject
Project("{FAE04EC0-301F-11D3-BF4B-00C04F79EFBC}") = "csformat", "csformat\csformat.csproj", "{4452E2D1-90B8-401A-8F4E-9189FA930575}"
EndProject
Project("{FAE04EC0-301F-11D3-BF4B-00C04F79EFBC}") = "test1", "test1\test1.csproj", "{6341EE2F-62E3-4A87-83F0-70C69BA9BE9E}"
EndProject
Project("{FAE04EC0-301F-11D3-BF4B-00C04F79EFBC}") = "test2", "test2\test2.csproj", "{A5EBAF4E-87DD-472E-AEF3-61856DDDF63B}"
EndProject
Project("{FAE04EC0-301F-11D3-BF4B-00C04F79EFBC}") = "cscompile", "cscompile\cscompile.csproj", "{3C92B793-6607-4191-BF5A-52FABBDFCE58}"
EndProject
Project("{FAE04EC0-301F-11D3-BF4B-00C04F79EFBC}") = "csreflection", "csreflection\csreflection.csproj", "{16A2748F-4B8F-4DD6-9293-7F06F06E2DEE}"
EndProject
Project("{FAE04EC0-301F-11D3-BF4B-00C04F79EFBC}") = "csdev", "csdev\csdev.csproj", "{D8955E54-0875-4674-B60D-A7A1BDC01930}"
EndProject
Project("{FAE04EC0-301F-11D3-BF4B-00C04F79EFBC}") = "csexecution", "csexecution\csexecution.csproj", "{D32A4DFC-F649-4176-9772-F8AC04EAD527}"
EndProject
Project("{FAE04EC0-301F-11D3-BF4B-00C04F79EFBC}") = "cskernel", "cskernel\cskernel.csproj", "{CCE2AAB1-F4B8-4676-A953-B9D2898D5CE7}"
EndProject
Project("{FAE04EC0-301F-11D3-BF4B-00C04F79EFBC}") = "cscli", "cscli\cscli.csproj", "{10E8E575-88E5-4264-8276-C727222D23C2}"
EndProject
Project("{FAE04EC0-301F-11D3-BF4B-00C04F79EFBC}") = "csjava", "csjava\csjava.csproj", "{F76AFDCB-2D48-499F-A363-C7B7E76F7DE4}"
EndProject
Project("{FAE04EC0-301F-11D3-BF4B-00C04F79EFBC}") = "csreflection_test", "test_reflection\csreflection_test.csproj", "{28C6AF9E-3B48-4848-96D2-EC49C0A8A798}"
EndProject
Project("{FAE04EC0-301F-11D3-BF4B-00C04F79EFBC}") = "test_cli", "test_cli\test_cli.csproj", "{E3E65F86-7430-4A99-B06D-96E8985A49F8}"
EndProject
Project("{FAE04EC0-301F-11D3-BF4B-00C04F79EFBC}") = "libcli", "libcli\libcli.csproj", "{7790D347-7677-4147-9616-55317E8181ED}"
EndProject
Project("{FAE04EC0-301F-11D3-BF4B-00C04F79EFBC}") = "libdll", "libdll\libdll.csproj", "{F50B1B89-50E2-4E3F-BAE1-66E6B8D98C71}"
EndProject
Project("{FAE04EC0-301F-11D3-BF4B-00C04F79EFBC}") = "libcli_test", "libcli_test\libcli_test.csproj", "{AD014FCD-534C-493C-BA3D-38E465EFF888}"
EndProject
Project("{FAE04EC0-301F-11D3-BF4B-00C04F79EFBC}") = "libdll_test", "libdll_test\libdll_test.csproj", "{804DCFE1-E169-42B5-B9E1-F6B0E061BCDD}"
EndProject
Project("{FAE04EC0-301F-11D3-BF4B-00C04F79EFBC}") = "petoolkit", "petoolkit\petoolkit.csproj", "{FB2CC4F8-9831-4D99-91D6-37F3EFFA4220}"
EndProject
Global
	GlobalSection(SourceCodeControl) = preSolution
		SccNumberOfProjects = 38
		SccLocalPath0 = .
		CanCheckoutShared = false
		SccProjectUniqueName1 = fdimage\\fdimage.vcproj
		SccLocalPath1 = .
		CanCheckoutShared = false
		SccProjectFilePathRelativizedFromConnection1 = fdimage\\
		SccProjectUniqueName2 = kernel\\kernel.vcproj
		SccLocalPath2 = .
		CanCheckoutShared = false
		SccProjectFilePathRelativizedFromConnection2 = kernel\\
		SccProjectUniqueName3 = application\\application.csproj
		SccLocalPath3 = .
		CanCheckoutShared = false
		SccProjectFilePathRelativizedFromConnection3 = application\\
		SccProjectUniqueName4 = cstdlib\\cstdlib.vcproj
		SccLocalPath4 = .
		CanCheckoutShared = false
		SccProjectFilePathRelativizedFromConnection4 = cstdlib\\
		SccProjectUniqueName5 = cdimage\\cdimage.vcproj
		SccLocalPath5 = .
		CanCheckoutShared = false
		SccProjectFilePathRelativizedFromConnection5 = cdimage\\
		SccProjectUniqueName6 = freetypetest\\freetypetest.csproj
		SccLocalPath6 = .
		CanCheckoutShared = false
		SccProjectFilePathRelativizedFromConnection6 = freetypetest\\
		SccProjectUniqueName7 = csbridge\\csbridge.vcproj
		SccLocalPath7 = .
		CanCheckoutShared = false
		SccProjectFilePathRelativizedFromConnection7 = csbridge\\
		SccProjectUniqueName8 = cscorlib\\cscorlib.csproj
		SccLocalPath8 = .
		CanCheckoutShared = false
		SccProjectFilePathRelativizedFromConnection8 = cscorlib\\
		SccProjectUniqueName9 = cskorlib\\cskorlib.vcproj
		SccLocalPath9 = .
		CanCheckoutShared = false
		SccProjectFilePathRelativizedFromConnection9 = cskorlib\\
		SccProjectUniqueName10 = test_kernel\\test_kernel.vcproj
		SccLocalPath10 = .
		CanCheckoutShared = false
		SccProjectFilePathRelativizedFromConnection10 = test_kernel\\
		SccProjectUniqueName11 = test_corlib\\test_corlib.csproj
		SccLocalPath11 = .
		CanCheckoutShared = false
		SccProjectFilePathRelativizedFromConnection11 = test_corlib\\
		SccProjectUniqueName12 = csgraphics\\csgraphics.csproj
		SccLocalPath12 = .
		CanCheckoutShared = false
		SccProjectFilePathRelativizedFromConnection12 = csgraphics\\
		SccProjectUniqueName13 = precompile\\precompile.csproj
		SccLocalPath13 = .
		CanCheckoutShared = false
		SccProjectFilePathRelativizedFromConnection13 = precompile\\
		SccProjectUniqueName14 = ia32toolkit\\ia32toolkit.csproj
		SccLocalPath14 = .
		CanCheckoutShared = false
		SccProjectFilePathRelativizedFromConnection14 = ia32toolkit\\
		SccProjectUniqueName15 = bootloader\\bootloader.vcproj
		SccLocalPath15 = .
		CanCheckoutShared = false
		SccProjectFilePathRelativizedFromConnection15 = bootloader\\
		SccProjectUniqueName16 = ia32assembler\\ia32assembler.csproj
		SccLocalPath16 = .
		CanCheckoutShared = false
		SccProjectFilePathRelativizedFromConnection16 = ia32assembler\\
		SccProjectUniqueName17 = freetype\\freetype-2.1.10\\freetype.vcproj
		SccProjectName17 = \u0022$/freetype\u0022,\u0020KYLAAAAA
		SccLocalPath17 = ..
		CanCheckoutShared = false
		SccProjectFilePathRelativizedFromConnection17 = clios\\freetype\\freetype-2.1.10\\
		SccProjectUniqueName18 = PERWAPI\\PERWAPI.csproj
		SccLocalPath18 = .
		CanCheckoutShared = false
		SccProjectFilePathRelativizedFromConnection18 = PERWAPI\\
		SccProjectUniqueName19 = csinterpret\\csinterpret.csproj
		SccLocalPath19 = .
		CanCheckoutShared = false
		SccProjectFilePathRelativizedFromConnection19 = csinterpret\\
		SccProjectUniqueName20 = csutility\\csutility.csproj
		SccLocalPath20 = .
		CanCheckoutShared = false
		SccProjectFilePathRelativizedFromConnection20 = csutility\\
		SccProjectUniqueName21 = csformat\\csformat.csproj
		SccLocalPath21 = .
		CanCheckoutShared = false
		SccProjectFilePathRelativizedFromConnection21 = csformat\\
		SccProjectUniqueName22 = test1\\test1.csproj
		SccLocalPath22 = .
		CanCheckoutShared = false
		SccProjectFilePathRelativizedFromConnection22 = test1\\
		SccProjectUniqueName23 = test2\\test2.csproj
		SccLocalPath23 = .
		CanCheckoutShared = false
		SccProjectFilePathRelativizedFromConnection23 = test2\\
		SccProjectUniqueName24 = cscompile\\cscompile.csproj
		SccLocalPath24 = .
		CanCheckoutShared = false
		SccProjectFilePathRelativizedFromConnection24 = cscompile\\
		SccProjectUniqueName25 = csreflection\\csreflection.csproj
		SccLocalPath25 = .
		CanCheckoutShared = false
		SccProjectFilePathRelativizedFromConnection25 = csreflection\\
		SccProjectUniqueName26 = csdev\\csdev.csproj
		SccLocalPath26 = .
		CanCheckoutShared = false
		SccProjectFilePathRelativizedFromConnection26 = csdev\\
		SccProjectUniqueName27 = csexecution\\csexecution.csproj
		SccLocalPath27 = .
		CanCheckoutShared = false
		SccProjectFilePathRelativizedFromConnection27 = csexecution\\
		SccProjectUniqueName28 = cskernel\\cskernel.csproj
		SccLocalPath28 = .
		CanCheckoutShared = false
		SccProjectFilePathRelativizedFromConnection28 = cskernel\\
		SccProjectUniqueName29 = cscli\\cscli.csproj
		SccLocalPath29 = .
		CanCheckoutShared = false
		SccProjectFilePathRelativizedFromConnection29 = cscli\\
		SccProjectUniqueName30 = csjava\\csjava.csproj
		SccLocalPath30 = .
		CanCheckoutShared = false
		SccProjectFilePathRelativizedFromConnection30 = csjava\\
		SccProjectUniqueName31 = test_cli\\test_cli.csproj
		SccLocalPath31 = .
		CanCheckoutShared = false
		SccProjectFilePathRelativizedFromConnection31 = test_cli\\
		SccProjectUniqueName32 = libcli\\libcli.csproj
		SccLocalPath32 = .
		CanCheckoutShared = false
		SccProjectFilePathRelativizedFromConnection32 = libcli\\
		SccProjectUniqueName33 = libdll\\libdll.csproj
		SccLocalPath33 = .
		CanCheckoutShared = false
		SccProjectFilePathRelativizedFromConnection33 = libdll\\
		SccProjectUniqueName34 = libdll_test\\libdll_test.csproj
		SccLocalPath34 = .
		CanCheckoutShared = false
		SccProjectFilePathRelativizedFromConnection34 = libdll_test\\
		SccProjectUniqueName35 = libcli_test\\libcli_test.csproj
		SccLocalPath35 = .
		CanCheckoutShared = false
		SccProjectFilePathRelativizedFromConnection35 = libcli_test\\
		SccProjectUniqueName36 = petoolkit\\petoolkit.csproj
		SccLocalPath36 = .
		CanCheckoutShared = false
		SccProjectFilePathRelativizedFromConnection36 = petoolkit\\
		SccProjectUniqueName37 = test_reflection\\csreflection_test.csproj
		SccLocalPath37 = .
		CanCheckoutShared = false
		SccProjectFilePathRelativizedFromConnection37 = test_reflection\\
	EndGlobalSection
	GlobalSection(SolutionConfigurationPlatforms) = preSolution
		Build|Any CPU = Build|Any CPU
		Build|CooS = Build|CooS
		Build|Mixed Platforms = Build|Mixed Platforms
		Build|Win32 = Build|Win32
		Build|x86 = Build|x86
		Debug|Any CPU = Debug|Any CPU
		Debug|CooS = Debug|CooS
		Debug|Mixed Platforms = Debug|Mixed Platforms
		Debug|Win32 = Debug|Win32
		Debug|x86 = Debug|x86
		Release|Any CPU = Release|Any CPU
		Release|CooS = Release|CooS
		Release|Mixed Platforms = Release|Mixed Platforms
		Release|Win32 = Release|Win32
		Release|x86 = Release|x86
	EndGlobalSection
	GlobalSection(ProjectConfigurationPlatforms) = postSolution
		{B6949322-0A78-401F-9E5D-68D617663608}.Build|Any CPU.ActiveCfg = Release|Win32
		{B6949322-0A78-401F-9E5D-68D617663608}.Build|CooS.ActiveCfg = Release|Win32
		{B6949322-0A78-401F-9E5D-68D617663608}.Build|CooS.Build.0 = Release|Win32
		{B6949322-0A78-401F-9E5D-68D617663608}.Build|Mixed Platforms.ActiveCfg = Release|Win32
		{B6949322-0A78-401F-9E5D-68D617663608}.Build|Mixed Platforms.Build.0 = Release|Win32
		{B6949322-0A78-401F-9E5D-68D617663608}.Build|Win32.ActiveCfg = Release|Win32
		{B6949322-0A78-401F-9E5D-68D617663608}.Build|x86.ActiveCfg = Release|Win32
		{B6949322-0A78-401F-9E5D-68D617663608}.Debug|Any CPU.ActiveCfg = Release|Win32
		{B6949322-0A78-401F-9E5D-68D617663608}.Debug|CooS.ActiveCfg = Release|Win32
		{B6949322-0A78-401F-9E5D-68D617663608}.Debug|CooS.Build.0 = Release|Win32
		{B6949322-0A78-401F-9E5D-68D617663608}.Debug|Mixed Platforms.ActiveCfg = Release|Win32
		{B6949322-0A78-401F-9E5D-68D617663608}.Debug|Mixed Platforms.Build.0 = Release|Win32
		{B6949322-0A78-401F-9E5D-68D617663608}.Debug|Win32.ActiveCfg = Release|Win32
		{B6949322-0A78-401F-9E5D-68D617663608}.Debug|x86.ActiveCfg = Release|Win32
		{B6949322-0A78-401F-9E5D-68D617663608}.Release|Any CPU.ActiveCfg = Release|Win32
		{B6949322-0A78-401F-9E5D-68D617663608}.Release|CooS.ActiveCfg = Release|Win32
		{B6949322-0A78-401F-9E5D-68D617663608}.Release|CooS.Build.0 = Release|Win32
		{B6949322-0A78-401F-9E5D-68D617663608}.Release|Mixed Platforms.ActiveCfg = Release|Win32
		{B6949322-0A78-401F-9E5D-68D617663608}.Release|Mixed Platforms.Build.0 = Release|Win32
		{B6949322-0A78-401F-9E5D-68D617663608}.Release|Win32.ActiveCfg = Release|Win32
		{B6949322-0A78-401F-9E5D-68D617663608}.Release|x86.ActiveCfg = Release|Win32
		{9EF4EE51-65E9-4D9A-9C45-2F3F2C5FEE1A}.Build|Any CPU.ActiveCfg = Release|Win32
		{9EF4EE51-65E9-4D9A-9C45-2F3F2C5FEE1A}.Build|CooS.ActiveCfg = Release|Win32
		{9EF4EE51-65E9-4D9A-9C45-2F3F2C5FEE1A}.Build|Mixed Platforms.ActiveCfg = Release|Win32
		{9EF4EE51-65E9-4D9A-9C45-2F3F2C5FEE1A}.Build|Mixed Platforms.Build.0 = Release|Win32
		{9EF4EE51-65E9-4D9A-9C45-2F3F2C5FEE1A}.Build|Win32.ActiveCfg = Release|Win32
		{9EF4EE51-65E9-4D9A-9C45-2F3F2C5FEE1A}.Build|Win32.Build.0 = Release|Win32
		{9EF4EE51-65E9-4D9A-9C45-2F3F2C5FEE1A}.Build|x86.ActiveCfg = Release|Win32
		{9EF4EE51-65E9-4D9A-9C45-2F3F2C5FEE1A}.Build|x86.Build.0 = Release|Win32
		{9EF4EE51-65E9-4D9A-9C45-2F3F2C5FEE1A}.Debug|Any CPU.ActiveCfg = Release|Win32
		{9EF4EE51-65E9-4D9A-9C45-2F3F2C5FEE1A}.Debug|CooS.ActiveCfg = Release|Win32
		{9EF4EE51-65E9-4D9A-9C45-2F3F2C5FEE1A}.Debug|Mixed Platforms.ActiveCfg = Release|Win32
		{9EF4EE51-65E9-4D9A-9C45-2F3F2C5FEE1A}.Debug|Mixed Platforms.Build.0 = Release|Win32
		{9EF4EE51-65E9-4D9A-9C45-2F3F2C5FEE1A}.Debug|Win32.ActiveCfg = Release|Win32
		{9EF4EE51-65E9-4D9A-9C45-2F3F2C5FEE1A}.Debug|x86.ActiveCfg = Release|Win32
		{9EF4EE51-65E9-4D9A-9C45-2F3F2C5FEE1A}.Debug|x86.Build.0 = Release|Win32
		{9EF4EE51-65E9-4D9A-9C45-2F3F2C5FEE1A}.Release|Any CPU.ActiveCfg = Release|Win32
		{9EF4EE51-65E9-4D9A-9C45-2F3F2C5FEE1A}.Release|CooS.ActiveCfg = Release|Win32
		{9EF4EE51-65E9-4D9A-9C45-2F3F2C5FEE1A}.Release|Mixed Platforms.ActiveCfg = Release|Win32
		{9EF4EE51-65E9-4D9A-9C45-2F3F2C5FEE1A}.Release|Mixed Platforms.Build.0 = Release|Win32
		{9EF4EE51-65E9-4D9A-9C45-2F3F2C5FEE1A}.Release|Win32.ActiveCfg = Release|Win32
		{9EF4EE51-65E9-4D9A-9C45-2F3F2C5FEE1A}.Release|x86.ActiveCfg = Release|Win32
		{9EF4EE51-65E9-4D9A-9C45-2F3F2C5FEE1A}.Release|x86.Build.0 = Release|Win32
		{527A2703-5BC0-4B93-BC13-E2EA367F0B20}.Build|Any CPU.ActiveCfg = Release|Any CPU
		{527A2703-5BC0-4B93-BC13-E2EA367F0B20}.Build|Any CPU.Build.0 = Release|Any CPU
		{527A2703-5BC0-4B93-BC13-E2EA367F0B20}.Build|CooS.ActiveCfg = Release|Any CPU
		{527A2703-5BC0-4B93-BC13-E2EA367F0B20}.Build|CooS.Build.0 = Release|Any CPU
		{527A2703-5BC0-4B93-BC13-E2EA367F0B20}.Build|Mixed Platforms.ActiveCfg = Release|Any CPU
		{527A2703-5BC0-4B93-BC13-E2EA367F0B20}.Build|Mixed Platforms.Build.0 = Release|Any CPU
		{527A2703-5BC0-4B93-BC13-E2EA367F0B20}.Build|Win32.ActiveCfg = Release|Any CPU
		{527A2703-5BC0-4B93-BC13-E2EA367F0B20}.Build|x86.ActiveCfg = Release|Any CPU
		{527A2703-5BC0-4B93-BC13-E2EA367F0B20}.Debug|Any CPU.ActiveCfg = Debug|Any CPU
		{527A2703-5BC0-4B93-BC13-E2EA367F0B20}.Debug|Any CPU.Build.0 = Debug|Any CPU
		{527A2703-5BC0-4B93-BC13-E2EA367F0B20}.Debug|CooS.ActiveCfg = Debug|Any CPU
		{527A2703-5BC0-4B93-BC13-E2EA367F0B20}.Debug|CooS.Build.0 = Release|Any CPU
		{527A2703-5BC0-4B93-BC13-E2EA367F0B20}.Debug|Mixed Platforms.ActiveCfg = Debug|Any CPU
		{527A2703-5BC0-4B93-BC13-E2EA367F0B20}.Debug|Mixed Platforms.Build.0 = Debug|Any CPU
		{527A2703-5BC0-4B93-BC13-E2EA367F0B20}.Debug|Win32.ActiveCfg = Debug|Any CPU
		{527A2703-5BC0-4B93-BC13-E2EA367F0B20}.Debug|x86.ActiveCfg = Debug|Any CPU
		{527A2703-5BC0-4B93-BC13-E2EA367F0B20}.Release|Any CPU.ActiveCfg = Release|Any CPU
		{527A2703-5BC0-4B93-BC13-E2EA367F0B20}.Release|Any CPU.Build.0 = Release|Any CPU
		{527A2703-5BC0-4B93-BC13-E2EA367F0B20}.Release|CooS.ActiveCfg = Release|Any CPU
		{527A2703-5BC0-4B93-BC13-E2EA367F0B20}.Release|CooS.Build.0 = Release|Any CPU
		{527A2703-5BC0-4B93-BC13-E2EA367F0B20}.Release|Mixed Platforms.ActiveCfg = Release|Any CPU
		{527A2703-5BC0-4B93-BC13-E2EA367F0B20}.Release|Mixed Platforms.Build.0 = Release|Any CPU
		{527A2703-5BC0-4B93-BC13-E2EA367F0B20}.Release|Win32.ActiveCfg = Release|Any CPU
		{527A2703-5BC0-4B93-BC13-E2EA367F0B20}.Release|x86.ActiveCfg = Release|Any CPU
		{4D1C6B71-60D3-4ED8-AD7A-AD7267C4ED93}.Build|Any CPU.ActiveCfg = Release|Win32
		{4D1C6B71-60D3-4ED8-AD7A-AD7267C4ED93}.Build|CooS.ActiveCfg = Release|Win32
		{4D1C6B71-60D3-4ED8-AD7A-AD7267C4ED93}.Build|CooS.Build.0 = Release|Win32
		{4D1C6B71-60D3-4ED8-AD7A-AD7267C4ED93}.Build|Mixed Platforms.ActiveCfg = Release|Win32
		{4D1C6B71-60D3-4ED8-AD7A-AD7267C4ED93}.Build|Mixed Platforms.Build.0 = Release|Win32
		{4D1C6B71-60D3-4ED8-AD7A-AD7267C4ED93}.Build|Win32.ActiveCfg = Release|Win32
		{4D1C6B71-60D3-4ED8-AD7A-AD7267C4ED93}.Build|x86.ActiveCfg = Release|Win32
		{4D1C6B71-60D3-4ED8-AD7A-AD7267C4ED93}.Debug|Any CPU.ActiveCfg = Release|Win32
		{4D1C6B71-60D3-4ED8-AD7A-AD7267C4ED93}.Debug|CooS.ActiveCfg = Release|Win32
		{4D1C6B71-60D3-4ED8-AD7A-AD7267C4ED93}.Debug|CooS.Build.0 = Release|Win32
		{4D1C6B71-60D3-4ED8-AD7A-AD7267C4ED93}.Debug|Mixed Platforms.ActiveCfg = Release|Win32
		{4D1C6B71-60D3-4ED8-AD7A-AD7267C4ED93}.Debug|Mixed Platforms.Build.0 = Release|Win32
		{4D1C6B71-60D3-4ED8-AD7A-AD7267C4ED93}.Debug|Win32.ActiveCfg = Release|Win32
		{4D1C6B71-60D3-4ED8-AD7A-AD7267C4ED93}.Debug|x86.ActiveCfg = Release|Win32
		{4D1C6B71-60D3-4ED8-AD7A-AD7267C4ED93}.Release|Any CPU.ActiveCfg = Release|Win32
		{4D1C6B71-60D3-4ED8-AD7A-AD7267C4ED93}.Release|CooS.ActiveCfg = Release|Win32
		{4D1C6B71-60D3-4ED8-AD7A-AD7267C4ED93}.Release|CooS.Build.0 = Release|Win32
		{4D1C6B71-60D3-4ED8-AD7A-AD7267C4ED93}.Release|Mixed Platforms.ActiveCfg = Release|Win32
		{4D1C6B71-60D3-4ED8-AD7A-AD7267C4ED93}.Release|Mixed Platforms.Build.0 = Release|Win32
		{4D1C6B71-60D3-4ED8-AD7A-AD7267C4ED93}.Release|Win32.ActiveCfg = Release|Win32
		{4D1C6B71-60D3-4ED8-AD7A-AD7267C4ED93}.Release|x86.ActiveCfg = Release|Win32
		{E5013906-C2ED-47AA-AC82-D924B40D572E}.Build|Any CPU.ActiveCfg = Release|Win32
		{E5013906-C2ED-47AA-AC82-D924B40D572E}.Build|CooS.ActiveCfg = Release|Win32
		{E5013906-C2ED-47AA-AC82-D924B40D572E}.Build|Mixed Platforms.ActiveCfg = Release|Win32
		{E5013906-C2ED-47AA-AC82-D924B40D572E}.Build|Mixed Platforms.Build.0 = Release|Win32
		{E5013906-C2ED-47AA-AC82-D924B40D572E}.Build|Win32.ActiveCfg = Release|Win32
		{E5013906-C2ED-47AA-AC82-D924B40D572E}.Build|Win32.Build.0 = Release|Win32
		{E5013906-C2ED-47AA-AC82-D924B40D572E}.Build|x86.ActiveCfg = Release|Win32
		{E5013906-C2ED-47AA-AC82-D924B40D572E}.Build|x86.Build.0 = Release|Win32
		{E5013906-C2ED-47AA-AC82-D924B40D572E}.Debug|Any CPU.ActiveCfg = Release|Win32
		{E5013906-C2ED-47AA-AC82-D924B40D572E}.Debug|CooS.ActiveCfg = Release|Win32
		{E5013906-C2ED-47AA-AC82-D924B40D572E}.Debug|Mixed Platforms.ActiveCfg = Release|Win32
		{E5013906-C2ED-47AA-AC82-D924B40D572E}.Debug|Mixed Platforms.Build.0 = Release|Win32
		{E5013906-C2ED-47AA-AC82-D924B40D572E}.Debug|Win32.ActiveCfg = Release|Win32
		{E5013906-C2ED-47AA-AC82-D924B40D572E}.Debug|x86.ActiveCfg = Release|Win32
		{E5013906-C2ED-47AA-AC82-D924B40D572E}.Debug|x86.Build.0 = Release|Win32
		{E5013906-C2ED-47AA-AC82-D924B40D572E}.Release|Any CPU.ActiveCfg = Release|Win32
		{E5013906-C2ED-47AA-AC82-D924B40D572E}.Release|CooS.ActiveCfg = Release|Win32
		{E5013906-C2ED-47AA-AC82-D924B40D572E}.Release|Mixed Platforms.ActiveCfg = Release|Win32
		{E5013906-C2ED-47AA-AC82-D924B40D572E}.Release|Mixed Platforms.Build.0 = Release|Win32
		{E5013906-C2ED-47AA-AC82-D924B40D572E}.Release|Win32.ActiveCfg = Release|Win32
		{E5013906-C2ED-47AA-AC82-D924B40D572E}.Release|x86.ActiveCfg = Release|Win32
		{E5013906-C2ED-47AA-AC82-D924B40D572E}.Release|x86.Build.0 = Release|Win32
		{7484BD0B-0897-4C65-B1EF-3DA94A3DBA9D}.Build|Any CPU.ActiveCfg = Debug|Any CPU
		{7484BD0B-0897-4C65-B1EF-3DA94A3DBA9D}.Build|CooS.ActiveCfg = Debug|Any CPU
		{7484BD0B-0897-4C65-B1EF-3DA94A3DBA9D}.Build|Mixed Platforms.ActiveCfg = Debug|Any CPU
		{7484BD0B-0897-4C65-B1EF-3DA94A3DBA9D}.Build|Mixed Platforms.Build.0 = Debug|Any CPU
		{7484BD0B-0897-4C65-B1EF-3DA94A3DBA9D}.Build|Win32.ActiveCfg = Debug|Any CPU
		{7484BD0B-0897-4C65-B1EF-3DA94A3DBA9D}.Build|x86.ActiveCfg = Debug|Any CPU
		{7484BD0B-0897-4C65-B1EF-3DA94A3DBA9D}.Debug|Any CPU.ActiveCfg = Debug|Any CPU
		{7484BD0B-0897-4C65-B1EF-3DA94A3DBA9D}.Debug|CooS.ActiveCfg = Debug|Any CPU
		{7484BD0B-0897-4C65-B1EF-3DA94A3DBA9D}.Debug|Mixed Platforms.ActiveCfg = Debug|Any CPU
		{7484BD0B-0897-4C65-B1EF-3DA94A3DBA9D}.Debug|Mixed Platforms.Build.0 = Debug|Any CPU
		{7484BD0B-0897-4C65-B1EF-3DA94A3DBA9D}.Debug|Win32.ActiveCfg = Debug|Any CPU
		{7484BD0B-0897-4C65-B1EF-3DA94A3DBA9D}.Debug|x86.ActiveCfg = Debug|Any CPU
		{7484BD0B-0897-4C65-B1EF-3DA94A3DBA9D}.Release|Any CPU.ActiveCfg = Debug|Any CPU
		{7484BD0B-0897-4C65-B1EF-3DA94A3DBA9D}.Release|CooS.ActiveCfg = Debug|Any CPU
		{7484BD0B-0897-4C65-B1EF-3DA94A3DBA9D}.Release|Mixed Platforms.ActiveCfg = Debug|Any CPU
		{7484BD0B-0897-4C65-B1EF-3DA94A3DBA9D}.Release|Mixed Platforms.Build.0 = Debug|Any CPU
		{7484BD0B-0897-4C65-B1EF-3DA94A3DBA9D}.Release|Win32.ActiveCfg = Debug|Any CPU
		{7484BD0B-0897-4C65-B1EF-3DA94A3DBA9D}.Release|x86.ActiveCfg = Debug|Any CPU
		{F011B9A0-C334-41EF-B42A-B16E999453DC}.Build|Any CPU.ActiveCfg = Release|Win32
		{F011B9A0-C334-41EF-B42A-B16E999453DC}.Build|CooS.ActiveCfg = Release|Win32
		{F011B9A0-C334-41EF-B42A-B16E999453DC}.Build|CooS.Build.0 = Release|Win32
		{F011B9A0-C334-41EF-B42A-B16E999453DC}.Build|Mixed Platforms.ActiveCfg = Release|Win32
		{F011B9A0-C334-41EF-B42A-B16E999453DC}.Build|Mixed Platforms.Build.0 = Release|Win32
		{F011B9A0-C334-41EF-B42A-B16E999453DC}.Build|Win32.ActiveCfg = Release|Win32
		{F011B9A0-C334-41EF-B42A-B16E999453DC}.Build|x86.ActiveCfg = Release|Win32
		{F011B9A0-C334-41EF-B42A-B16E999453DC}.Debug|Any CPU.ActiveCfg = Release|Win32
		{F011B9A0-C334-41EF-B42A-B16E999453DC}.Debug|CooS.ActiveCfg = Release|Win32
		{F011B9A0-C334-41EF-B42A-B16E999453DC}.Debug|CooS.Build.0 = Release|Win32
		{F011B9A0-C334-41EF-B42A-B16E999453DC}.Debug|Mixed Platforms.ActiveCfg = Release|Win32
		{F011B9A0-C334-41EF-B42A-B16E999453DC}.Debug|Mixed Platforms.Build.0 = Release|Win32
		{F011B9A0-C334-41EF-B42A-B16E999453DC}.Debug|Win32.ActiveCfg = Release|Win32
		{F011B9A0-C334-41EF-B42A-B16E999453DC}.Debug|x86.ActiveCfg = Release|Win32
		{F011B9A0-C334-41EF-B42A-B16E999453DC}.Release|Any CPU.ActiveCfg = Release|Win32
		{F011B9A0-C334-41EF-B42A-B16E999453DC}.Release|CooS.ActiveCfg = Release|Win32
		{F011B9A0-C334-41EF-B42A-B16E999453DC}.Release|CooS.Build.0 = Release|Win32
		{F011B9A0-C334-41EF-B42A-B16E999453DC}.Release|Mixed Platforms.ActiveCfg = Release|Win32
		{F011B9A0-C334-41EF-B42A-B16E999453DC}.Release|Mixed Platforms.Build.0 = Release|Win32
		{F011B9A0-C334-41EF-B42A-B16E999453DC}.Release|Win32.ActiveCfg = Release|Win32
		{F011B9A0-C334-41EF-B42A-B16E999453DC}.Release|x86.ActiveCfg = Release|Win32
		{94A0A262-6D0C-4775-B097-A16E39269E2C}.Build|Any CPU.ActiveCfg = Release|Any CPU
		{94A0A262-6D0C-4775-B097-A16E39269E2C}.Build|Any CPU.Build.0 = Release|Any CPU
		{94A0A262-6D0C-4775-B097-A16E39269E2C}.Build|CooS.ActiveCfg = Release|Any CPU
		{94A0A262-6D0C-4775-B097-A16E39269E2C}.Build|CooS.Build.0 = Release|Any CPU
		{94A0A262-6D0C-4775-B097-A16E39269E2C}.Build|Mixed Platforms.ActiveCfg = Release|Any CPU
		{94A0A262-6D0C-4775-B097-A16E39269E2C}.Build|Mixed Platforms.Build.0 = Release|Any CPU
		{94A0A262-6D0C-4775-B097-A16E39269E2C}.Build|Win32.ActiveCfg = Release|Any CPU
		{94A0A262-6D0C-4775-B097-A16E39269E2C}.Build|x86.ActiveCfg = Release|Any CPU
		{94A0A262-6D0C-4775-B097-A16E39269E2C}.Debug|Any CPU.ActiveCfg = Release|Any CPU
		{94A0A262-6D0C-4775-B097-A16E39269E2C}.Debug|Any CPU.Build.0 = Release|Any CPU
		{94A0A262-6D0C-4775-B097-A16E39269E2C}.Debug|CooS.ActiveCfg = Release|Any CPU
		{94A0A262-6D0C-4775-B097-A16E39269E2C}.Debug|CooS.Build.0 = Release|Any CPU
		{94A0A262-6D0C-4775-B097-A16E39269E2C}.Debug|Mixed Platforms.ActiveCfg = Release|Any CPU
		{94A0A262-6D0C-4775-B097-A16E39269E2C}.Debug|Mixed Platforms.Build.0 = Release|Any CPU
		{94A0A262-6D0C-4775-B097-A16E39269E2C}.Debug|Win32.ActiveCfg = Release|Any CPU
		{94A0A262-6D0C-4775-B097-A16E39269E2C}.Debug|x86.ActiveCfg = Release|Any CPU
		{94A0A262-6D0C-4775-B097-A16E39269E2C}.Release|Any CPU.ActiveCfg = Release|Any CPU
		{94A0A262-6D0C-4775-B097-A16E39269E2C}.Release|Any CPU.Build.0 = Release|Any CPU
		{94A0A262-6D0C-4775-B097-A16E39269E2C}.Release|CooS.ActiveCfg = Release|Any CPU
		{94A0A262-6D0C-4775-B097-A16E39269E2C}.Release|CooS.Build.0 = Release|Any CPU
		{94A0A262-6D0C-4775-B097-A16E39269E2C}.Release|Mixed Platforms.ActiveCfg = Release|Any CPU
		{94A0A262-6D0C-4775-B097-A16E39269E2C}.Release|Mixed Platforms.Build.0 = Release|Any CPU
		{94A0A262-6D0C-4775-B097-A16E39269E2C}.Release|Win32.ActiveCfg = Release|Any CPU
		{94A0A262-6D0C-4775-B097-A16E39269E2C}.Release|x86.ActiveCfg = Release|Any CPU
		{D871E6FC-6CC1-4B3B-AB1F-4BEDB7C6144C}.Build|Any CPU.ActiveCfg = Release|Win32
		{D871E6FC-6CC1-4B3B-AB1F-4BEDB7C6144C}.Build|CooS.ActiveCfg = Release|Win32
		{D871E6FC-6CC1-4B3B-AB1F-4BEDB7C6144C}.Build|CooS.Build.0 = Release|Win32
		{D871E6FC-6CC1-4B3B-AB1F-4BEDB7C6144C}.Build|Mixed Platforms.ActiveCfg = Release|Win32
		{D871E6FC-6CC1-4B3B-AB1F-4BEDB7C6144C}.Build|Mixed Platforms.Build.0 = Release|Win32
		{D871E6FC-6CC1-4B3B-AB1F-4BEDB7C6144C}.Build|Win32.ActiveCfg = Release|Win32
		{D871E6FC-6CC1-4B3B-AB1F-4BEDB7C6144C}.Build|x86.ActiveCfg = Release|Win32
		{D871E6FC-6CC1-4B3B-AB1F-4BEDB7C6144C}.Debug|Any CPU.ActiveCfg = Release|Win32
		{D871E6FC-6CC1-4B3B-AB1F-4BEDB7C6144C}.Debug|CooS.ActiveCfg = Release|Win32
		{D871E6FC-6CC1-4B3B-AB1F-4BEDB7C6144C}.Debug|CooS.Build.0 = Release|Win32
		{D871E6FC-6CC1-4B3B-AB1F-4BEDB7C6144C}.Debug|Mixed Platforms.ActiveCfg = Release|Win32
		{D871E6FC-6CC1-4B3B-AB1F-4BEDB7C6144C}.Debug|Mixed Platforms.Build.0 = Release|Win32
		{D871E6FC-6CC1-4B3B-AB1F-4BEDB7C6144C}.Debug|Win32.ActiveCfg = Release|Win32
		{D871E6FC-6CC1-4B3B-AB1F-4BEDB7C6144C}.Debug|Win32.Build.0 = Release|Win32
		{D871E6FC-6CC1-4B3B-AB1F-4BEDB7C6144C}.Debug|x86.ActiveCfg = Release|Win32
		{D871E6FC-6CC1-4B3B-AB1F-4BEDB7C6144C}.Release|Any CPU.ActiveCfg = Release|Win32
		{D871E6FC-6CC1-4B3B-AB1F-4BEDB7C6144C}.Release|CooS.ActiveCfg = Release|Win32
		{D871E6FC-6CC1-4B3B-AB1F-4BEDB7C6144C}.Release|CooS.Build.0 = Release|Win32
		{D871E6FC-6CC1-4B3B-AB1F-4BEDB7C6144C}.Release|Mixed Platforms.ActiveCfg = Release|Win32
		{D871E6FC-6CC1-4B3B-AB1F-4BEDB7C6144C}.Release|Mixed Platforms.Build.0 = Release|Win32
		{D871E6FC-6CC1-4B3B-AB1F-4BEDB7C6144C}.Release|Win32.ActiveCfg = Release|Win32
		{D871E6FC-6CC1-4B3B-AB1F-4BEDB7C6144C}.Release|Win32.Build.0 = Release|Win32
		{D871E6FC-6CC1-4B3B-AB1F-4BEDB7C6144C}.Release|x86.ActiveCfg = Release|Win32
		{E143F776-9CD8-483F-8879-0115490AB962}.Build|Any CPU.ActiveCfg = Debug|Win32
		{E143F776-9CD8-483F-8879-0115490AB962}.Build|CooS.ActiveCfg = Debug|Win32
		{E143F776-9CD8-483F-8879-0115490AB962}.Build|Mixed Platforms.ActiveCfg = Debug|Win32
		{E143F776-9CD8-483F-8879-0115490AB962}.Build|Mixed Platforms.Build.0 = Debug|Win32
		{E143F776-9CD8-483F-8879-0115490AB962}.Build|Win32.ActiveCfg = Debug|Win32
		{E143F776-9CD8-483F-8879-0115490AB962}.Build|x86.ActiveCfg = Debug|Win32
		{E143F776-9CD8-483F-8879-0115490AB962}.Debug|Any CPU.ActiveCfg = Debug|Win32
		{E143F776-9CD8-483F-8879-0115490AB962}.Debug|CooS.ActiveCfg = Debug|Win32
		{E143F776-9CD8-483F-8879-0115490AB962}.Debug|Mixed Platforms.ActiveCfg = Debug|Win32
		{E143F776-9CD8-483F-8879-0115490AB962}.Debug|Mixed Platforms.Build.0 = Debug|Win32
		{E143F776-9CD8-483F-8879-0115490AB962}.Debug|Win32.ActiveCfg = Debug|Win32
		{E143F776-9CD8-483F-8879-0115490AB962}.Debug|x86.ActiveCfg = Debug|Win32
		{E143F776-9CD8-483F-8879-0115490AB962}.Release|Any CPU.ActiveCfg = Debug|Win32
		{E143F776-9CD8-483F-8879-0115490AB962}.Release|CooS.ActiveCfg = Debug|Win32
		{E143F776-9CD8-483F-8879-0115490AB962}.Release|Mixed Platforms.ActiveCfg = Debug|Win32
		{E143F776-9CD8-483F-8879-0115490AB962}.Release|Mixed Platforms.Build.0 = Debug|Win32
		{E143F776-9CD8-483F-8879-0115490AB962}.Release|Win32.ActiveCfg = Debug|Win32
		{E143F776-9CD8-483F-8879-0115490AB962}.Release|x86.ActiveCfg = Debug|Win32
		{45B77FA6-F0A1-406B-978A-22BBE7D716EA}.Build|Any CPU.ActiveCfg = Debug|Any CPU
		{45B77FA6-F0A1-406B-978A-22BBE7D716EA}.Build|Any CPU.Build.0 = Debug|Any CPU
		{45B77FA6-F0A1-406B-978A-22BBE7D716EA}.Build|CooS.ActiveCfg = Debug|Any CPU
		{45B77FA6-F0A1-406B-978A-22BBE7D716EA}.Build|Mixed Platforms.ActiveCfg = Debug|Any CPU
		{45B77FA6-F0A1-406B-978A-22BBE7D716EA}.Build|Mixed Platforms.Build.0 = Debug|Any CPU
		{45B77FA6-F0A1-406B-978A-22BBE7D716EA}.Build|Win32.ActiveCfg = Debug|Any CPU
		{45B77FA6-F0A1-406B-978A-22BBE7D716EA}.Build|x86.ActiveCfg = Debug|Any CPU
		{45B77FA6-F0A1-406B-978A-22BBE7D716EA}.Debug|Any CPU.ActiveCfg = Debug|Any CPU
		{45B77FA6-F0A1-406B-978A-22BBE7D716EA}.Debug|Any CPU.Build.0 = Debug|Any CPU
		{45B77FA6-F0A1-406B-978A-22BBE7D716EA}.Debug|CooS.ActiveCfg = Debug|Any CPU
		{45B77FA6-F0A1-406B-978A-22BBE7D716EA}.Debug|Mixed Platforms.ActiveCfg = Debug|Any CPU
		{45B77FA6-F0A1-406B-978A-22BBE7D716EA}.Debug|Mixed Platforms.Build.0 = Debug|Any CPU
		{45B77FA6-F0A1-406B-978A-22BBE7D716EA}.Debug|Win32.ActiveCfg = Debug|Any CPU
		{45B77FA6-F0A1-406B-978A-22BBE7D716EA}.Debug|x86.ActiveCfg = Debug|Any CPU
		{45B77FA6-F0A1-406B-978A-22BBE7D716EA}.Release|Any CPU.ActiveCfg = Debug|Any CPU
		{45B77FA6-F0A1-406B-978A-22BBE7D716EA}.Release|Any CPU.Build.0 = Debug|Any CPU
		{45B77FA6-F0A1-406B-978A-22BBE7D716EA}.Release|CooS.ActiveCfg = Debug|Any CPU
		{45B77FA6-F0A1-406B-978A-22BBE7D716EA}.Release|Mixed Platforms.ActiveCfg = Debug|Any CPU
		{45B77FA6-F0A1-406B-978A-22BBE7D716EA}.Release|Mixed Platforms.Build.0 = Debug|Any CPU
		{45B77FA6-F0A1-406B-978A-22BBE7D716EA}.Release|Win32.ActiveCfg = Debug|Any CPU
		{45B77FA6-F0A1-406B-978A-22BBE7D716EA}.Release|x86.ActiveCfg = Debug|Any CPU
		{6896D709-B339-4446-A0E1-20EE2C61834D}.Build|Any CPU.ActiveCfg = Debug|Any CPU
		{6896D709-B339-4446-A0E1-20EE2C61834D}.Build|Any CPU.Build.0 = Debug|Any CPU
		{6896D709-B339-4446-A0E1-20EE2C61834D}.Build|CooS.ActiveCfg = Debug|Any CPU
		{6896D709-B339-4446-A0E1-20EE2C61834D}.Build|Mixed Platforms.ActiveCfg = Debug|Any CPU
		{6896D709-B339-4446-A0E1-20EE2C61834D}.Build|Mixed Platforms.Build.0 = Debug|Any CPU
		{6896D709-B339-4446-A0E1-20EE2C61834D}.Build|Win32.ActiveCfg = Debug|Any CPU
		{6896D709-B339-4446-A0E1-20EE2C61834D}.Build|x86.ActiveCfg = Debug|Any CPU
		{6896D709-B339-4446-A0E1-20EE2C61834D}.Debug|Any CPU.ActiveCfg = Debug|Any CPU
		{6896D709-B339-4446-A0E1-20EE2C61834D}.Debug|Any CPU.Build.0 = Debug|Any CPU
		{6896D709-B339-4446-A0E1-20EE2C61834D}.Debug|CooS.ActiveCfg = Debug|Any CPU
		{6896D709-B339-4446-A0E1-20EE2C61834D}.Debug|Mixed Platforms.ActiveCfg = Debug|Any CPU
		{6896D709-B339-4446-A0E1-20EE2C61834D}.Debug|Mixed Platforms.Build.0 = Debug|Any CPU
		{6896D709-B339-4446-A0E1-20EE2C61834D}.Debug|Win32.ActiveCfg = Debug|Any CPU
		{6896D709-B339-4446-A0E1-20EE2C61834D}.Debug|x86.ActiveCfg = Debug|Any CPU
		{6896D709-B339-4446-A0E1-20EE2C61834D}.Release|Any CPU.ActiveCfg = Debug|Any CPU
		{6896D709-B339-4446-A0E1-20EE2C61834D}.Release|Any CPU.Build.0 = Debug|Any CPU
		{6896D709-B339-4446-A0E1-20EE2C61834D}.Release|CooS.ActiveCfg = Debug|Any CPU
		{6896D709-B339-4446-A0E1-20EE2C61834D}.Release|Mixed Platforms.ActiveCfg = Debug|Any CPU
		{6896D709-B339-4446-A0E1-20EE2C61834D}.Release|Mixed Platforms.Build.0 = Debug|Any CPU
		{6896D709-B339-4446-A0E1-20EE2C61834D}.Release|Win32.ActiveCfg = Debug|Any CPU
		{6896D709-B339-4446-A0E1-20EE2C61834D}.Release|x86.ActiveCfg = Debug|Any CPU
		{6E0DFE58-21DB-468A-A36A-792A2B6D20C3}.Build|Any CPU.ActiveCfg = Release|Any CPU
		{6E0DFE58-21DB-468A-A36A-792A2B6D20C3}.Build|Any CPU.Build.0 = Release|Any CPU
		{6E0DFE58-21DB-468A-A36A-792A2B6D20C3}.Build|CooS.ActiveCfg = Release|Any CPU
		{6E0DFE58-21DB-468A-A36A-792A2B6D20C3}.Build|CooS.Build.0 = Release|Any CPU
		{6E0DFE58-21DB-468A-A36A-792A2B6D20C3}.Build|Mixed Platforms.ActiveCfg = Release|Any CPU
		{6E0DFE58-21DB-468A-A36A-792A2B6D20C3}.Build|Mixed Platforms.Build.0 = Release|Any CPU
		{6E0DFE58-21DB-468A-A36A-792A2B6D20C3}.Build|Win32.ActiveCfg = Release|Any CPU
		{6E0DFE58-21DB-468A-A36A-792A2B6D20C3}.Build|x86.ActiveCfg = Release|Any CPU
		{6E0DFE58-21DB-468A-A36A-792A2B6D20C3}.Debug|Any CPU.ActiveCfg = Release|Any CPU
		{6E0DFE58-21DB-468A-A36A-792A2B6D20C3}.Debug|Any CPU.Build.0 = Release|Any CPU
		{6E0DFE58-21DB-468A-A36A-792A2B6D20C3}.Debug|CooS.ActiveCfg = Release|Any CPU
		{6E0DFE58-21DB-468A-A36A-792A2B6D20C3}.Debug|CooS.Build.0 = Release|Any CPU
		{6E0DFE58-21DB-468A-A36A-792A2B6D20C3}.Debug|Mixed Platforms.ActiveCfg = Release|Any CPU
		{6E0DFE58-21DB-468A-A36A-792A2B6D20C3}.Debug|Mixed Platforms.Build.0 = Release|Any CPU
		{6E0DFE58-21DB-468A-A36A-792A2B6D20C3}.Debug|Win32.ActiveCfg = Release|Any CPU
		{6E0DFE58-21DB-468A-A36A-792A2B6D20C3}.Debug|x86.ActiveCfg = Release|Any CPU
		{6E0DFE58-21DB-468A-A36A-792A2B6D20C3}.Release|Any CPU.ActiveCfg = Release|Any CPU
		{6E0DFE58-21DB-468A-A36A-792A2B6D20C3}.Release|Any CPU.Build.0 = Release|Any CPU
		{6E0DFE58-21DB-468A-A36A-792A2B6D20C3}.Release|CooS.ActiveCfg = Release|Any CPU
		{6E0DFE58-21DB-468A-A36A-792A2B6D20C3}.Release|CooS.Build.0 = Release|Any CPU
		{6E0DFE58-21DB-468A-A36A-792A2B6D20C3}.Release|Mixed Platforms.ActiveCfg = Release|Any CPU
		{6E0DFE58-21DB-468A-A36A-792A2B6D20C3}.Release|Mixed Platforms.Build.0 = Release|Any CPU
		{6E0DFE58-21DB-468A-A36A-792A2B6D20C3}.Release|Win32.ActiveCfg = Release|Any CPU
		{6E0DFE58-21DB-468A-A36A-792A2B6D20C3}.Release|x86.ActiveCfg = Release|Any CPU
		{E2034A56-5FB2-4789-8E09-9FE0C8FBDDF6}.Build|Any CPU.ActiveCfg = Release|Any CPU
		{E2034A56-5FB2-4789-8E09-9FE0C8FBDDF6}.Build|Any CPU.Build.0 = Release|Any CPU
		{E2034A56-5FB2-4789-8E09-9FE0C8FBDDF6}.Build|CooS.ActiveCfg = Release|Any CPU
		{E2034A56-5FB2-4789-8E09-9FE0C8FBDDF6}.Build|CooS.Build.0 = Release|Any CPU
		{E2034A56-5FB2-4789-8E09-9FE0C8FBDDF6}.Build|Mixed Platforms.ActiveCfg = Release|Any CPU
		{E2034A56-5FB2-4789-8E09-9FE0C8FBDDF6}.Build|Mixed Platforms.Build.0 = Release|Any CPU
		{E2034A56-5FB2-4789-8E09-9FE0C8FBDDF6}.Build|Win32.ActiveCfg = Release|Any CPU
		{E2034A56-5FB2-4789-8E09-9FE0C8FBDDF6}.Build|x86.ActiveCfg = Release|Any CPU
		{E2034A56-5FB2-4789-8E09-9FE0C8FBDDF6}.Debug|Any CPU.ActiveCfg = Debug|Any CPU
		{E2034A56-5FB2-4789-8E09-9FE0C8FBDDF6}.Debug|Any CPU.Build.0 = Debug|Any CPU
		{E2034A56-5FB2-4789-8E09-9FE0C8FBDDF6}.Debug|CooS.ActiveCfg = Debug|Any CPU
		{E2034A56-5FB2-4789-8E09-9FE0C8FBDDF6}.Debug|CooS.Build.0 = Release|Any CPU
		{E2034A56-5FB2-4789-8E09-9FE0C8FBDDF6}.Debug|Mixed Platforms.ActiveCfg = Debug|Any CPU
		{E2034A56-5FB2-4789-8E09-9FE0C8FBDDF6}.Debug|Mixed Platforms.Build.0 = Debug|Any CPU
		{E2034A56-5FB2-4789-8E09-9FE0C8FBDDF6}.Debug|Win32.ActiveCfg = Debug|Any CPU
		{E2034A56-5FB2-4789-8E09-9FE0C8FBDDF6}.Debug|x86.ActiveCfg = Debug|Any CPU
		{E2034A56-5FB2-4789-8E09-9FE0C8FBDDF6}.Release|Any CPU.ActiveCfg = Release|Any CPU
		{E2034A56-5FB2-4789-8E09-9FE0C8FBDDF6}.Release|Any CPU.Build.0 = Release|Any CPU
		{E2034A56-5FB2-4789-8E09-9FE0C8FBDDF6}.Release|CooS.ActiveCfg = Release|Any CPU
		{E2034A56-5FB2-4789-8E09-9FE0C8FBDDF6}.Release|CooS.Build.0 = Release|Any CPU
		{E2034A56-5FB2-4789-8E09-9FE0C8FBDDF6}.Release|Mixed Platforms.ActiveCfg = Release|Any CPU
		{E2034A56-5FB2-4789-8E09-9FE0C8FBDDF6}.Release|Mixed Platforms.Build.0 = Release|Any CPU
		{E2034A56-5FB2-4789-8E09-9FE0C8FBDDF6}.Release|Win32.ActiveCfg = Release|Any CPU
		{E2034A56-5FB2-4789-8E09-9FE0C8FBDDF6}.Release|x86.ActiveCfg = Release|Any CPU
		{81B0A306-C48B-4401-80D4-D477C40114E2}.Build|Any CPU.ActiveCfg = Release|Win32
		{81B0A306-C48B-4401-80D4-D477C40114E2}.Build|CooS.ActiveCfg = Release|Win32
		{81B0A306-C48B-4401-80D4-D477C40114E2}.Build|Mixed Platforms.ActiveCfg = Release|Win32
		{81B0A306-C48B-4401-80D4-D477C40114E2}.Build|Mixed Platforms.Build.0 = Release|Win32
		{81B0A306-C48B-4401-80D4-D477C40114E2}.Build|Win32.ActiveCfg = Release|Win32
		{81B0A306-C48B-4401-80D4-D477C40114E2}.Build|Win32.Build.0 = Release|Win32
		{81B0A306-C48B-4401-80D4-D477C40114E2}.Build|x86.ActiveCfg = Release|Win32
		{81B0A306-C48B-4401-80D4-D477C40114E2}.Build|x86.Build.0 = Release|Win32
		{81B0A306-C48B-4401-80D4-D477C40114E2}.Debug|Any CPU.ActiveCfg = Release|Win32
		{81B0A306-C48B-4401-80D4-D477C40114E2}.Debug|CooS.ActiveCfg = Release|Win32
		{81B0A306-C48B-4401-80D4-D477C40114E2}.Debug|Mixed Platforms.ActiveCfg = Release|Win32
		{81B0A306-C48B-4401-80D4-D477C40114E2}.Debug|Mixed Platforms.Build.0 = Release|Win32
		{81B0A306-C48B-4401-80D4-D477C40114E2}.Debug|Win32.ActiveCfg = Release|Win32
		{81B0A306-C48B-4401-80D4-D477C40114E2}.Debug|x86.ActiveCfg = Release|Win32
		{81B0A306-C48B-4401-80D4-D477C40114E2}.Debug|x86.Build.0 = Release|Win32
		{81B0A306-C48B-4401-80D4-D477C40114E2}.Release|Any CPU.ActiveCfg = Release|Win32
		{81B0A306-C48B-4401-80D4-D477C40114E2}.Release|CooS.ActiveCfg = Release|Win32
		{81B0A306-C48B-4401-80D4-D477C40114E2}.Release|Mixed Platforms.ActiveCfg = Release|Win32
		{81B0A306-C48B-4401-80D4-D477C40114E2}.Release|Mixed Platforms.Build.0 = Release|Win32
		{81B0A306-C48B-4401-80D4-D477C40114E2}.Release|Win32.ActiveCfg = Release|Win32
		{81B0A306-C48B-4401-80D4-D477C40114E2}.Release|x86.ActiveCfg = Release|Win32
		{81B0A306-C48B-4401-80D4-D477C40114E2}.Release|x86.Build.0 = Release|Win32
		{8952F266-E92D-4FEB-AD76-1743841FDFF4}.Build|Any CPU.ActiveCfg = Release|Any CPU
		{8952F266-E92D-4FEB-AD76-1743841FDFF4}.Build|Any CPU.Build.0 = Release|Any CPU
		{8952F266-E92D-4FEB-AD76-1743841FDFF4}.Build|CooS.ActiveCfg = Release|Any CPU
		{8952F266-E92D-4FEB-AD76-1743841FDFF4}.Build|CooS.Build.0 = Release|Any CPU
		{8952F266-E92D-4FEB-AD76-1743841FDFF4}.Build|Mixed Platforms.ActiveCfg = Release|Any CPU
		{8952F266-E92D-4FEB-AD76-1743841FDFF4}.Build|Mixed Platforms.Build.0 = Release|Any CPU
		{8952F266-E92D-4FEB-AD76-1743841FDFF4}.Build|Win32.ActiveCfg = Release|Any CPU
		{8952F266-E92D-4FEB-AD76-1743841FDFF4}.Build|x86.ActiveCfg = Release|Any CPU
		{8952F266-E92D-4FEB-AD76-1743841FDFF4}.Debug|Any CPU.ActiveCfg = Release|Any CPU
		{8952F266-E92D-4FEB-AD76-1743841FDFF4}.Debug|Any CPU.Build.0 = Release|Any CPU
		{8952F266-E92D-4FEB-AD76-1743841FDFF4}.Debug|CooS.ActiveCfg = Release|Any CPU
		{8952F266-E92D-4FEB-AD76-1743841FDFF4}.Debug|CooS.Build.0 = Release|Any CPU
		{8952F266-E92D-4FEB-AD76-1743841FDFF4}.Debug|Mixed Platforms.ActiveCfg = Release|Any CPU
		{8952F266-E92D-4FEB-AD76-1743841FDFF4}.Debug|Mixed Platforms.Build.0 = Release|Any CPU
		{8952F266-E92D-4FEB-AD76-1743841FDFF4}.Debug|Win32.ActiveCfg = Release|Any CPU
		{8952F266-E92D-4FEB-AD76-1743841FDFF4}.Debug|x86.ActiveCfg = Release|Any CPU
		{8952F266-E92D-4FEB-AD76-1743841FDFF4}.Release|Any CPU.ActiveCfg = Release|Any CPU
		{8952F266-E92D-4FEB-AD76-1743841FDFF4}.Release|Any CPU.Build.0 = Release|Any CPU
		{8952F266-E92D-4FEB-AD76-1743841FDFF4}.Release|CooS.ActiveCfg = Release|Any CPU
		{8952F266-E92D-4FEB-AD76-1743841FDFF4}.Release|CooS.Build.0 = Release|Any CPU
		{8952F266-E92D-4FEB-AD76-1743841FDFF4}.Release|Mixed Platforms.ActiveCfg = Release|Any CPU
		{8952F266-E92D-4FEB-AD76-1743841FDFF4}.Release|Mixed Platforms.Build.0 = Release|Any CPU
		{8952F266-E92D-4FEB-AD76-1743841FDFF4}.Release|Win32.ActiveCfg = Release|Any CPU
		{8952F266-E92D-4FEB-AD76-1743841FDFF4}.Release|x86.ActiveCfg = Release|Any CPU
		{78B079BD-9FC7-4B9E-B4A6-96DA0F00248B}.Build|Any CPU.ActiveCfg = Release|Win32
		{78B079BD-9FC7-4B9E-B4A6-96DA0F00248B}.Build|CooS.ActiveCfg = Release|Win32
		{78B079BD-9FC7-4B9E-B4A6-96DA0F00248B}.Build|CooS.Build.0 = Release|Win32
		{78B079BD-9FC7-4B9E-B4A6-96DA0F00248B}.Build|Mixed Platforms.ActiveCfg = Debug|Win32
		{78B079BD-9FC7-4B9E-B4A6-96DA0F00248B}.Build|Mixed Platforms.Build.0 = Debug|Win32
		{78B079BD-9FC7-4B9E-B4A6-96DA0F00248B}.Build|Win32.ActiveCfg = Release|Win32
		{78B079BD-9FC7-4B9E-B4A6-96DA0F00248B}.Build|x86.ActiveCfg = Release|Win32
		{78B079BD-9FC7-4B9E-B4A6-96DA0F00248B}.Debug|Any CPU.ActiveCfg = Debug|Win32
		{78B079BD-9FC7-4B9E-B4A6-96DA0F00248B}.Debug|CooS.ActiveCfg = Debug|Win32
		{78B079BD-9FC7-4B9E-B4A6-96DA0F00248B}.Debug|CooS.Build.0 = Release|Win32
		{78B079BD-9FC7-4B9E-B4A6-96DA0F00248B}.Debug|Mixed Platforms.ActiveCfg = Debug|Win32
		{78B079BD-9FC7-4B9E-B4A6-96DA0F00248B}.Debug|Mixed Platforms.Build.0 = Debug|Win32
		{78B079BD-9FC7-4B9E-B4A6-96DA0F00248B}.Debug|Win32.ActiveCfg = Debug|Win32
		{78B079BD-9FC7-4B9E-B4A6-96DA0F00248B}.Debug|x86.ActiveCfg = Debug|Win32
		{78B079BD-9FC7-4B9E-B4A6-96DA0F00248B}.Release|Any CPU.ActiveCfg = Release|Win32
		{78B079BD-9FC7-4B9E-B4A6-96DA0F00248B}.Release|CooS.ActiveCfg = Release|Win32
		{78B079BD-9FC7-4B9E-B4A6-96DA0F00248B}.Release|CooS.Build.0 = Release|Win32
		{78B079BD-9FC7-4B9E-B4A6-96DA0F00248B}.Release|Mixed Platforms.ActiveCfg = Release|Win32
		{78B079BD-9FC7-4B9E-B4A6-96DA0F00248B}.Release|Mixed Platforms.Build.0 = Release|Win32
		{78B079BD-9FC7-4B9E-B4A6-96DA0F00248B}.Release|Win32.ActiveCfg = Release|Win32
		{78B079BD-9FC7-4B9E-B4A6-96DA0F00248B}.Release|x86.ActiveCfg = Release|Win32
		{0FA84D88-F2DE-4D50-B0EF-0CB727846392}.Build|Any CPU.ActiveCfg = Release|Any CPU
		{0FA84D88-F2DE-4D50-B0EF-0CB727846392}.Build|Any CPU.Build.0 = Release|Any CPU
		{0FA84D88-F2DE-4D50-B0EF-0CB727846392}.Build|CooS.ActiveCfg = Release|Any CPU
		{0FA84D88-F2DE-4D50-B0EF-0CB727846392}.Build|Mixed Platforms.ActiveCfg = Release|Any CPU
		{0FA84D88-F2DE-4D50-B0EF-0CB727846392}.Build|Win32.ActiveCfg = Release|Any CPU
		{0FA84D88-F2DE-4D50-B0EF-0CB727846392}.Build|x86.ActiveCfg = Release|Any CPU
		{0FA84D88-F2DE-4D50-B0EF-0CB727846392}.Debug|Any CPU.ActiveCfg = Debug|Any CPU
		{0FA84D88-F2DE-4D50-B0EF-0CB727846392}.Debug|Any CPU.Build.0 = Debug|Any CPU
		{0FA84D88-F2DE-4D50-B0EF-0CB727846392}.Debug|CooS.ActiveCfg = Debug|Any CPU
		{0FA84D88-F2DE-4D50-B0EF-0CB727846392}.Debug|Mixed Platforms.ActiveCfg = Debug|Any CPU
		{0FA84D88-F2DE-4D50-B0EF-0CB727846392}.Debug|Win32.ActiveCfg = Release|Any CPU
		{0FA84D88-F2DE-4D50-B0EF-0CB727846392}.Debug|x86.ActiveCfg = Debug|Any CPU
		{0FA84D88-F2DE-4D50-B0EF-0CB727846392}.Release|Any CPU.ActiveCfg = Release|Any CPU
		{0FA84D88-F2DE-4D50-B0EF-0CB727846392}.Release|Any CPU.Build.0 = Release|Any CPU
		{0FA84D88-F2DE-4D50-B0EF-0CB727846392}.Release|CooS.ActiveCfg = Release|Any CPU
		{0FA84D88-F2DE-4D50-B0EF-0CB727846392}.Release|Mixed Platforms.ActiveCfg = Release|Any CPU
		{0FA84D88-F2DE-4D50-B0EF-0CB727846392}.Release|Win32.ActiveCfg = Release|Any CPU
		{0FA84D88-F2DE-4D50-B0EF-0CB727846392}.Release|x86.ActiveCfg = Release|Any CPU
		{AF679394-2877-4DF0-9F89-5F177E77B224}.Build|Any CPU.ActiveCfg = Release|x86
		{AF679394-2877-4DF0-9F89-5F177E77B224}.Build|CooS.ActiveCfg = Release|x86
		{AF679394-2877-4DF0-9F89-5F177E77B224}.Build|CooS.Build.0 = Release|x86
		{AF679394-2877-4DF0-9F89-5F177E77B224}.Build|Mixed Platforms.ActiveCfg = Release|x86
		{AF679394-2877-4DF0-9F89-5F177E77B224}.Build|Win32.ActiveCfg = Release|x86
		{AF679394-2877-4DF0-9F89-5F177E77B224}.Build|x86.ActiveCfg = Release|x86
		{AF679394-2877-4DF0-9F89-5F177E77B224}.Build|x86.Build.0 = Release|x86
		{AF679394-2877-4DF0-9F89-5F177E77B224}.Debug|Any CPU.ActiveCfg = Debug|x86
		{AF679394-2877-4DF0-9F89-5F177E77B224}.Debug|CooS.ActiveCfg = Debug|x86
		{AF679394-2877-4DF0-9F89-5F177E77B224}.Debug|CooS.Build.0 = Debug|x86
		{AF679394-2877-4DF0-9F89-5F177E77B224}.Debug|Mixed Platforms.ActiveCfg = Debug|x86
		{AF679394-2877-4DF0-9F89-5F177E77B224}.Debug|Win32.ActiveCfg = Debug|x86
		{AF679394-2877-4DF0-9F89-5F177E77B224}.Debug|x86.ActiveCfg = Debug|x86
		{AF679394-2877-4DF0-9F89-5F177E77B224}.Debug|x86.Build.0 = Debug|x86
		{AF679394-2877-4DF0-9F89-5F177E77B224}.Release|Any CPU.ActiveCfg = Release|x86
		{AF679394-2877-4DF0-9F89-5F177E77B224}.Release|CooS.ActiveCfg = Release|x86
		{AF679394-2877-4DF0-9F89-5F177E77B224}.Release|CooS.Build.0 = Release|x86
		{AF679394-2877-4DF0-9F89-5F177E77B224}.Release|Mixed Platforms.ActiveCfg = Release|x86
		{AF679394-2877-4DF0-9F89-5F177E77B224}.Release|Win32.ActiveCfg = Release|x86
		{AF679394-2877-4DF0-9F89-5F177E77B224}.Release|x86.ActiveCfg = Release|x86
		{AF679394-2877-4DF0-9F89-5F177E77B224}.Release|x86.Build.0 = Release|x86
		{FCCAD6FD-56DC-4E95-8100-61FE7A563A9F}.Build|Any CPU.ActiveCfg = Release|Any CPU
		{FCCAD6FD-56DC-4E95-8100-61FE7A563A9F}.Build|Any CPU.Build.0 = Release|Any CPU
		{FCCAD6FD-56DC-4E95-8100-61FE7A563A9F}.Build|CooS.ActiveCfg = Release|Any CPU
		{FCCAD6FD-56DC-4E95-8100-61FE7A563A9F}.Build|Mixed Platforms.ActiveCfg = Release|Any CPU
		{FCCAD6FD-56DC-4E95-8100-61FE7A563A9F}.Build|Win32.ActiveCfg = Release|Any CPU
		{FCCAD6FD-56DC-4E95-8100-61FE7A563A9F}.Build|Win32.Build.0 = Release|Any CPU
		{FCCAD6FD-56DC-4E95-8100-61FE7A563A9F}.Build|x86.ActiveCfg = Release|Any CPU
		{FCCAD6FD-56DC-4E95-8100-61FE7A563A9F}.Debug|Any CPU.ActiveCfg = Debug|Any CPU
		{FCCAD6FD-56DC-4E95-8100-61FE7A563A9F}.Debug|Any CPU.Build.0 = Debug|Any CPU
		{FCCAD6FD-56DC-4E95-8100-61FE7A563A9F}.Debug|CooS.ActiveCfg = Debug|Any CPU
		{FCCAD6FD-56DC-4E95-8100-61FE7A563A9F}.Debug|Mixed Platforms.ActiveCfg = Debug|Any CPU
		{FCCAD6FD-56DC-4E95-8100-61FE7A563A9F}.Debug|Win32.ActiveCfg = Debug|Any CPU
		{FCCAD6FD-56DC-4E95-8100-61FE7A563A9F}.Debug|Win32.Build.0 = Debug|Any CPU
		{FCCAD6FD-56DC-4E95-8100-61FE7A563A9F}.Debug|x86.ActiveCfg = Debug|Any CPU
		{FCCAD6FD-56DC-4E95-8100-61FE7A563A9F}.Release|Any CPU.ActiveCfg = Release|Any CPU
		{FCCAD6FD-56DC-4E95-8100-61FE7A563A9F}.Release|Any CPU.Build.0 = Release|Any CPU
		{FCCAD6FD-56DC-4E95-8100-61FE7A563A9F}.Release|CooS.ActiveCfg = Release|Any CPU
		{FCCAD6FD-56DC-4E95-8100-61FE7A563A9F}.Release|Mixed Platforms.ActiveCfg = Release|Any CPU
		{FCCAD6FD-56DC-4E95-8100-61FE7A563A9F}.Release|Win32.ActiveCfg = Release|Any CPU
		{FCCAD6FD-56DC-4E95-8100-61FE7A563A9F}.Release|Win32.Build.0 = Release|Any CPU
		{FCCAD6FD-56DC-4E95-8100-61FE7A563A9F}.Release|x86.ActiveCfg = Release|Any CPU
		{B7C214FF-5321-4F54-BED2-830DDD889896}.Build|Any CPU.ActiveCfg = Release|Any CPU
		{B7C214FF-5321-4F54-BED2-830DDD889896}.Build|Any CPU.Build.0 = Release|Any CPU
		{B7C214FF-5321-4F54-BED2-830DDD889896}.Build|CooS.ActiveCfg = Release|Any CPU
		{B7C214FF-5321-4F54-BED2-830DDD889896}.Build|Mixed Platforms.ActiveCfg = Release|Any CPU
		{B7C214FF-5321-4F54-BED2-830DDD889896}.Build|Mixed Platforms.Build.0 = Release|Any CPU
		{B7C214FF-5321-4F54-BED2-830DDD889896}.Build|Win32.ActiveCfg = Release|Any CPU
		{B7C214FF-5321-4F54-BED2-830DDD889896}.Build|x86.ActiveCfg = Release|Any CPU
		{B7C214FF-5321-4F54-BED2-830DDD889896}.Debug|Any CPU.ActiveCfg = Debug|Any CPU
		{B7C214FF-5321-4F54-BED2-830DDD889896}.Debug|Any CPU.Build.0 = Debug|Any CPU
		{B7C214FF-5321-4F54-BED2-830DDD889896}.Debug|CooS.ActiveCfg = Debug|Any CPU
		{B7C214FF-5321-4F54-BED2-830DDD889896}.Debug|Mixed Platforms.ActiveCfg = Debug|Any CPU
		{B7C214FF-5321-4F54-BED2-830DDD889896}.Debug|Mixed Platforms.Build.0 = Debug|Any CPU
		{B7C214FF-5321-4F54-BED2-830DDD889896}.Debug|Win32.ActiveCfg = Debug|Any CPU
		{B7C214FF-5321-4F54-BED2-830DDD889896}.Debug|Win32.Build.0 = Debug|Any CPU
		{B7C214FF-5321-4F54-BED2-830DDD889896}.Debug|x86.ActiveCfg = Debug|Any CPU
		{B7C214FF-5321-4F54-BED2-830DDD889896}.Release|Any CPU.ActiveCfg = Release|Any CPU
		{B7C214FF-5321-4F54-BED2-830DDD889896}.Release|Any CPU.Build.0 = Release|Any CPU
		{B7C214FF-5321-4F54-BED2-830DDD889896}.Release|CooS.ActiveCfg = Release|Any CPU
		{B7C214FF-5321-4F54-BED2-830DDD889896}.Release|Mixed Platforms.ActiveCfg = Release|Any CPU
		{B7C214FF-5321-4F54-BED2-830DDD889896}.Release|Mixed Platforms.Build.0 = Release|Any CPU
		{B7C214FF-5321-4F54-BED2-830DDD889896}.Release|Win32.ActiveCfg = Release|Any CPU
		{B7C214FF-5321-4F54-BED2-830DDD889896}.Release|Win32.Build.0 = Release|Any CPU
		{B7C214FF-5321-4F54-BED2-830DDD889896}.Release|x86.ActiveCfg = Release|Any CPU
		{FF7256E9-F3AC-484C-924F-52F33177F73B}.Build|Any CPU.ActiveCfg = Release|Any CPU
		{FF7256E9-F3AC-484C-924F-52F33177F73B}.Build|Any CPU.Build.0 = Release|Any CPU
		{FF7256E9-F3AC-484C-924F-52F33177F73B}.Build|CooS.ActiveCfg = Release|Any CPU
		{FF7256E9-F3AC-484C-924F-52F33177F73B}.Build|CooS.Build.0 = Release|Any CPU
		{FF7256E9-F3AC-484C-924F-52F33177F73B}.Build|Mixed Platforms.ActiveCfg = Release|Any CPU
		{FF7256E9-F3AC-484C-924F-52F33177F73B}.Build|Mixed Platforms.Build.0 = Release|Any CPU
		{FF7256E9-F3AC-484C-924F-52F33177F73B}.Build|Win32.ActiveCfg = Release|Any CPU
		{FF7256E9-F3AC-484C-924F-52F33177F73B}.Build|x86.ActiveCfg = Release|Any CPU
		{FF7256E9-F3AC-484C-924F-52F33177F73B}.Debug|Any CPU.ActiveCfg = Debug|Any CPU
		{FF7256E9-F3AC-484C-924F-52F33177F73B}.Debug|Any CPU.Build.0 = Debug|Any CPU
		{FF7256E9-F3AC-484C-924F-52F33177F73B}.Debug|CooS.ActiveCfg = Debug|Any CPU
		{FF7256E9-F3AC-484C-924F-52F33177F73B}.Debug|CooS.Build.0 = Release|Any CPU
		{FF7256E9-F3AC-484C-924F-52F33177F73B}.Debug|Mixed Platforms.ActiveCfg = Debug|Any CPU
		{FF7256E9-F3AC-484C-924F-52F33177F73B}.Debug|Mixed Platforms.Build.0 = Debug|Any CPU
		{FF7256E9-F3AC-484C-924F-52F33177F73B}.Debug|Win32.ActiveCfg = Debug|Any CPU
		{FF7256E9-F3AC-484C-924F-52F33177F73B}.Debug|Win32.Build.0 = Debug|Any CPU
		{FF7256E9-F3AC-484C-924F-52F33177F73B}.Debug|x86.ActiveCfg = Debug|Any CPU
		{FF7256E9-F3AC-484C-924F-52F33177F73B}.Release|Any CPU.ActiveCfg = Release|Any CPU
		{FF7256E9-F3AC-484C-924F-52F33177F73B}.Release|Any CPU.Build.0 = Release|Any CPU
		{FF7256E9-F3AC-484C-924F-52F33177F73B}.Release|CooS.ActiveCfg = Release|Any CPU
		{FF7256E9-F3AC-484C-924F-52F33177F73B}.Release|CooS.Build.0 = Release|Any CPU
		{FF7256E9-F3AC-484C-924F-52F33177F73B}.Release|Mixed Platforms.ActiveCfg = Release|Any CPU
		{FF7256E9-F3AC-484C-924F-52F33177F73B}.Release|Mixed Platforms.Build.0 = Release|Any CPU
		{FF7256E9-F3AC-484C-924F-52F33177F73B}.Release|Win32.ActiveCfg = Release|Any CPU
		{FF7256E9-F3AC-484C-924F-52F33177F73B}.Release|Win32.Build.0 = Release|Any CPU
		{FF7256E9-F3AC-484C-924F-52F33177F73B}.Release|x86.ActiveCfg = Release|Any CPU
		{4452E2D1-90B8-401A-8F4E-9189FA930575}.Build|Any CPU.ActiveCfg = Release|Any CPU
		{4452E2D1-90B8-401A-8F4E-9189FA930575}.Build|Any CPU.Build.0 = Release|Any CPU
		{4452E2D1-90B8-401A-8F4E-9189FA930575}.Build|CooS.ActiveCfg = Release|Any CPU
		{4452E2D1-90B8-401A-8F4E-9189FA930575}.Build|Mixed Platforms.ActiveCfg = Release|Any CPU
		{4452E2D1-90B8-401A-8F4E-9189FA930575}.Build|Mixed Platforms.Build.0 = Release|Any CPU
		{4452E2D1-90B8-401A-8F4E-9189FA930575}.Build|Win32.ActiveCfg = Release|Any CPU
		{4452E2D1-90B8-401A-8F4E-9189FA930575}.Build|x86.ActiveCfg = Release|Any CPU
		{4452E2D1-90B8-401A-8F4E-9189FA930575}.Debug|Any CPU.ActiveCfg = Debug|Any CPU
		{4452E2D1-90B8-401A-8F4E-9189FA930575}.Debug|Any CPU.Build.0 = Debug|Any CPU
		{4452E2D1-90B8-401A-8F4E-9189FA930575}.Debug|CooS.ActiveCfg = Debug|Any CPU
		{4452E2D1-90B8-401A-8F4E-9189FA930575}.Debug|Mixed Platforms.ActiveCfg = Debug|Any CPU
		{4452E2D1-90B8-401A-8F4E-9189FA930575}.Debug|Mixed Platforms.Build.0 = Debug|Any CPU
		{4452E2D1-90B8-401A-8F4E-9189FA930575}.Debug|Win32.ActiveCfg = Debug|Any CPU
		{4452E2D1-90B8-401A-8F4E-9189FA930575}.Debug|Win32.Build.0 = Debug|Any CPU
		{4452E2D1-90B8-401A-8F4E-9189FA930575}.Debug|x86.ActiveCfg = Debug|Any CPU
		{4452E2D1-90B8-401A-8F4E-9189FA930575}.Release|Any CPU.ActiveCfg = Release|Any CPU
		{4452E2D1-90B8-401A-8F4E-9189FA930575}.Release|Any CPU.Build.0 = Release|Any CPU
		{4452E2D1-90B8-401A-8F4E-9189FA930575}.Release|CooS.ActiveCfg = Release|Any CPU
		{4452E2D1-90B8-401A-8F4E-9189FA930575}.Release|Mixed Platforms.ActiveCfg = Release|Any CPU
		{4452E2D1-90B8-401A-8F4E-9189FA930575}.Release|Mixed Platforms.Build.0 = Release|Any CPU
		{4452E2D1-90B8-401A-8F4E-9189FA930575}.Release|Win32.ActiveCfg = Release|Any CPU
		{4452E2D1-90B8-401A-8F4E-9189FA930575}.Release|Win32.Build.0 = Release|Any CPU
		{4452E2D1-90B8-401A-8F4E-9189FA930575}.Release|x86.ActiveCfg = Release|Any CPU
		{6341EE2F-62E3-4A87-83F0-70C69BA9BE9E}.Build|Any CPU.ActiveCfg = Release|Any CPU
		{6341EE2F-62E3-4A87-83F0-70C69BA9BE9E}.Build|Any CPU.Build.0 = Release|Any CPU
		{6341EE2F-62E3-4A87-83F0-70C69BA9BE9E}.Build|CooS.ActiveCfg = Release|Any CPU
		{6341EE2F-62E3-4A87-83F0-70C69BA9BE9E}.Build|Mixed Platforms.ActiveCfg = Release|Any CPU
		{6341EE2F-62E3-4A87-83F0-70C69BA9BE9E}.Build|Mixed Platforms.Build.0 = Release|Any CPU
		{6341EE2F-62E3-4A87-83F0-70C69BA9BE9E}.Build|Win32.ActiveCfg = Release|Any CPU
		{6341EE2F-62E3-4A87-83F0-70C69BA9BE9E}.Build|x86.ActiveCfg = Release|Any CPU
		{6341EE2F-62E3-4A87-83F0-70C69BA9BE9E}.Debug|Any CPU.ActiveCfg = Debug|Any CPU
		{6341EE2F-62E3-4A87-83F0-70C69BA9BE9E}.Debug|Any CPU.Build.0 = Debug|Any CPU
		{6341EE2F-62E3-4A87-83F0-70C69BA9BE9E}.Debug|CooS.ActiveCfg = Debug|Any CPU
		{6341EE2F-62E3-4A87-83F0-70C69BA9BE9E}.Debug|Mixed Platforms.ActiveCfg = Debug|Any CPU
		{6341EE2F-62E3-4A87-83F0-70C69BA9BE9E}.Debug|Mixed Platforms.Build.0 = Debug|Any CPU
		{6341EE2F-62E3-4A87-83F0-70C69BA9BE9E}.Debug|Win32.ActiveCfg = Debug|Any CPU
		{6341EE2F-62E3-4A87-83F0-70C69BA9BE9E}.Debug|Win32.Build.0 = Debug|Any CPU
		{6341EE2F-62E3-4A87-83F0-70C69BA9BE9E}.Debug|x86.ActiveCfg = Debug|Any CPU
		{6341EE2F-62E3-4A87-83F0-70C69BA9BE9E}.Release|Any CPU.ActiveCfg = Release|Any CPU
		{6341EE2F-62E3-4A87-83F0-70C69BA9BE9E}.Release|Any CPU.Build.0 = Release|Any CPU
		{6341EE2F-62E3-4A87-83F0-70C69BA9BE9E}.Release|CooS.ActiveCfg = Release|Any CPU
		{6341EE2F-62E3-4A87-83F0-70C69BA9BE9E}.Release|Mixed Platforms.ActiveCfg = Release|Any CPU
		{6341EE2F-62E3-4A87-83F0-70C69BA9BE9E}.Release|Mixed Platforms.Build.0 = Release|Any CPU
		{6341EE2F-62E3-4A87-83F0-70C69BA9BE9E}.Release|Win32.ActiveCfg = Release|Any CPU
		{6341EE2F-62E3-4A87-83F0-70C69BA9BE9E}.Release|Win32.Build.0 = Release|Any CPU
		{6341EE2F-62E3-4A87-83F0-70C69BA9BE9E}.Release|x86.ActiveCfg = Release|Any CPU
		{A5EBAF4E-87DD-472E-AEF3-61856DDDF63B}.Build|Any CPU.ActiveCfg = Release|Any CPU
		{A5EBAF4E-87DD-472E-AEF3-61856DDDF63B}.Build|Any CPU.Build.0 = Release|Any CPU
		{A5EBAF4E-87DD-472E-AEF3-61856DDDF63B}.Build|CooS.ActiveCfg = Release|Any CPU
		{A5EBAF4E-87DD-472E-AEF3-61856DDDF63B}.Build|Mixed Platforms.ActiveCfg = Release|Any CPU
		{A5EBAF4E-87DD-472E-AEF3-61856DDDF63B}.Build|Mixed Platforms.Build.0 = Release|Any CPU
		{A5EBAF4E-87DD-472E-AEF3-61856DDDF63B}.Build|Win32.ActiveCfg = Release|Any CPU
		{A5EBAF4E-87DD-472E-AEF3-61856DDDF63B}.Build|x86.ActiveCfg = Release|Any CPU
		{A5EBAF4E-87DD-472E-AEF3-61856DDDF63B}.Debug|Any CPU.ActiveCfg = Debug|Any CPU
		{A5EBAF4E-87DD-472E-AEF3-61856DDDF63B}.Debug|Any CPU.Build.0 = Debug|Any CPU
		{A5EBAF4E-87DD-472E-AEF3-61856DDDF63B}.Debug|CooS.ActiveCfg = Debug|Any CPU
		{A5EBAF4E-87DD-472E-AEF3-61856DDDF63B}.Debug|Mixed Platforms.ActiveCfg = Debug|Any CPU
		{A5EBAF4E-87DD-472E-AEF3-61856DDDF63B}.Debug|Mixed Platforms.Build.0 = Debug|Any CPU
		{A5EBAF4E-87DD-472E-AEF3-61856DDDF63B}.Debug|Win32.ActiveCfg = Debug|Any CPU
		{A5EBAF4E-87DD-472E-AEF3-61856DDDF63B}.Debug|Win32.Build.0 = Debug|Any CPU
		{A5EBAF4E-87DD-472E-AEF3-61856DDDF63B}.Debug|x86.ActiveCfg = Debug|Any CPU
		{A5EBAF4E-87DD-472E-AEF3-61856DDDF63B}.Release|Any CPU.ActiveCfg = Release|Any CPU
		{A5EBAF4E-87DD-472E-AEF3-61856DDDF63B}.Release|Any CPU.Build.0 = Release|Any CPU
		{A5EBAF4E-87DD-472E-AEF3-61856DDDF63B}.Release|CooS.ActiveCfg = Release|Any CPU
		{A5EBAF4E-87DD-472E-AEF3-61856DDDF63B}.Release|Mixed Platforms.ActiveCfg = Release|Any CPU
		{A5EBAF4E-87DD-472E-AEF3-61856DDDF63B}.Release|Mixed Platforms.Build.0 = Release|Any CPU
		{A5EBAF4E-87DD-472E-AEF3-61856DDDF63B}.Release|Win32.ActiveCfg = Release|Any CPU
		{A5EBAF4E-87DD-472E-AEF3-61856DDDF63B}.Release|Win32.Build.0 = Release|Any CPU
		{A5EBAF4E-87DD-472E-AEF3-61856DDDF63B}.Release|x86.ActiveCfg = Release|Any CPU
		{3C92B793-6607-4191-BF5A-52FABBDFCE58}.Build|Any CPU.ActiveCfg = Release|Any CPU
		{3C92B793-6607-4191-BF5A-52FABBDFCE58}.Build|Any CPU.Build.0 = Release|Any CPU
		{3C92B793-6607-4191-BF5A-52FABBDFCE58}.Build|CooS.ActiveCfg = Release|Any CPU
		{3C92B793-6607-4191-BF5A-52FABBDFCE58}.Build|Mixed Platforms.ActiveCfg = Release|Any CPU
		{3C92B793-6607-4191-BF5A-52FABBDFCE58}.Build|Mixed Platforms.Build.0 = Release|Any CPU
		{3C92B793-6607-4191-BF5A-52FABBDFCE58}.Build|Win32.ActiveCfg = Release|Any CPU
		{3C92B793-6607-4191-BF5A-52FABBDFCE58}.Build|x86.ActiveCfg = Release|Any CPU
		{3C92B793-6607-4191-BF5A-52FABBDFCE58}.Debug|Any CPU.ActiveCfg = Debug|Any CPU
		{3C92B793-6607-4191-BF5A-52FABBDFCE58}.Debug|Any CPU.Build.0 = Debug|Any CPU
		{3C92B793-6607-4191-BF5A-52FABBDFCE58}.Debug|CooS.ActiveCfg = Debug|Any CPU
		{3C92B793-6607-4191-BF5A-52FABBDFCE58}.Debug|Mixed Platforms.ActiveCfg = Debug|Any CPU
		{3C92B793-6607-4191-BF5A-52FABBDFCE58}.Debug|Mixed Platforms.Build.0 = Debug|Any CPU
		{3C92B793-6607-4191-BF5A-52FABBDFCE58}.Debug|Win32.ActiveCfg = Debug|Any CPU
		{3C92B793-6607-4191-BF5A-52FABBDFCE58}.Debug|Win32.Build.0 = Debug|Any CPU
		{3C92B793-6607-4191-BF5A-52FABBDFCE58}.Debug|x86.ActiveCfg = Debug|Any CPU
		{3C92B793-6607-4191-BF5A-52FABBDFCE58}.Release|Any CPU.ActiveCfg = Release|Any CPU
		{3C92B793-6607-4191-BF5A-52FABBDFCE58}.Release|Any CPU.Build.0 = Release|Any CPU
		{3C92B793-6607-4191-BF5A-52FABBDFCE58}.Release|CooS.ActiveCfg = Release|Any CPU
		{3C92B793-6607-4191-BF5A-52FABBDFCE58}.Release|Mixed Platforms.ActiveCfg = Release|Any CPU
		{3C92B793-6607-4191-BF5A-52FABBDFCE58}.Release|Mixed Platforms.Build.0 = Release|Any CPU
		{3C92B793-6607-4191-BF5A-52FABBDFCE58}.Release|Win32.ActiveCfg = Release|Any CPU
		{3C92B793-6607-4191-BF5A-52FABBDFCE58}.Release|Win32.Build.0 = Release|Any CPU
		{3C92B793-6607-4191-BF5A-52FABBDFCE58}.Release|x86.ActiveCfg = Release|Any CPU
		{16A2748F-4B8F-4DD6-9293-7F06F06E2DEE}.Build|Any CPU.ActiveCfg = Release|Any CPU
		{16A2748F-4B8F-4DD6-9293-7F06F06E2DEE}.Build|Any CPU.Build.0 = Release|Any CPU
		{16A2748F-4B8F-4DD6-9293-7F06F06E2DEE}.Build|CooS.ActiveCfg = Release|Any CPU
		{16A2748F-4B8F-4DD6-9293-7F06F06E2DEE}.Build|Mixed Platforms.ActiveCfg = Release|Any CPU
		{16A2748F-4B8F-4DD6-9293-7F06F06E2DEE}.Build|Mixed Platforms.Build.0 = Release|Any CPU
		{16A2748F-4B8F-4DD6-9293-7F06F06E2DEE}.Build|Win32.ActiveCfg = Release|Any CPU
		{16A2748F-4B8F-4DD6-9293-7F06F06E2DEE}.Build|x86.ActiveCfg = Release|Any CPU
		{16A2748F-4B8F-4DD6-9293-7F06F06E2DEE}.Debug|Any CPU.ActiveCfg = Debug|Any CPU
		{16A2748F-4B8F-4DD6-9293-7F06F06E2DEE}.Debug|Any CPU.Build.0 = Debug|Any CPU
		{16A2748F-4B8F-4DD6-9293-7F06F06E2DEE}.Debug|CooS.ActiveCfg = Debug|Any CPU
		{16A2748F-4B8F-4DD6-9293-7F06F06E2DEE}.Debug|Mixed Platforms.ActiveCfg = Debug|Any CPU
		{16A2748F-4B8F-4DD6-9293-7F06F06E2DEE}.Debug|Mixed Platforms.Build.0 = Debug|Any CPU
		{16A2748F-4B8F-4DD6-9293-7F06F06E2DEE}.Debug|Win32.ActiveCfg = Debug|Any CPU
		{16A2748F-4B8F-4DD6-9293-7F06F06E2DEE}.Debug|Win32.Build.0 = Debug|Any CPU
		{16A2748F-4B8F-4DD6-9293-7F06F06E2DEE}.Debug|x86.ActiveCfg = Debug|Any CPU
		{16A2748F-4B8F-4DD6-9293-7F06F06E2DEE}.Release|Any CPU.ActiveCfg = Release|Any CPU
		{16A2748F-4B8F-4DD6-9293-7F06F06E2DEE}.Release|Any CPU.Build.0 = Release|Any CPU
		{16A2748F-4B8F-4DD6-9293-7F06F06E2DEE}.Release|CooS.ActiveCfg = Release|Any CPU
		{16A2748F-4B8F-4DD6-9293-7F06F06E2DEE}.Release|Mixed Platforms.ActiveCfg = Release|Any CPU
		{16A2748F-4B8F-4DD6-9293-7F06F06E2DEE}.Release|Mixed Platforms.Build.0 = Release|Any CPU
		{16A2748F-4B8F-4DD6-9293-7F06F06E2DEE}.Release|Win32.ActiveCfg = Release|Any CPU
		{16A2748F-4B8F-4DD6-9293-7F06F06E2DEE}.Release|Win32.Build.0 = Release|Any CPU
		{16A2748F-4B8F-4DD6-9293-7F06F06E2DEE}.Release|x86.ActiveCfg = Release|Any CPU
		{D8955E54-0875-4674-B60D-A7A1BDC01930}.Build|Any CPU.ActiveCfg = Debug|Any CPU
		{D8955E54-0875-4674-B60D-A7A1BDC01930}.Build|Any CPU.Build.0 = Debug|Any CPU
		{D8955E54-0875-4674-B60D-A7A1BDC01930}.Build|CooS.ActiveCfg = Debug|Any CPU
		{D8955E54-0875-4674-B60D-A7A1BDC01930}.Build|Mixed Platforms.ActiveCfg = Debug|Any CPU
		{D8955E54-0875-4674-B60D-A7A1BDC01930}.Build|Mixed Platforms.Build.0 = Debug|Any CPU
		{D8955E54-0875-4674-B60D-A7A1BDC01930}.Build|Win32.ActiveCfg = Debug|Any CPU
		{D8955E54-0875-4674-B60D-A7A1BDC01930}.Build|x86.ActiveCfg = Debug|Any CPU
		{D8955E54-0875-4674-B60D-A7A1BDC01930}.Debug|Any CPU.ActiveCfg = Debug|Any CPU
		{D8955E54-0875-4674-B60D-A7A1BDC01930}.Debug|Any CPU.Build.0 = Debug|Any CPU
		{D8955E54-0875-4674-B60D-A7A1BDC01930}.Debug|CooS.ActiveCfg = Debug|Any CPU
		{D8955E54-0875-4674-B60D-A7A1BDC01930}.Debug|Mixed Platforms.ActiveCfg = Debug|Any CPU
		{D8955E54-0875-4674-B60D-A7A1BDC01930}.Debug|Mixed Platforms.Build.0 = Debug|Any CPU
		{D8955E54-0875-4674-B60D-A7A1BDC01930}.Debug|Win32.ActiveCfg = Debug|Any CPU
		{D8955E54-0875-4674-B60D-A7A1BDC01930}.Debug|Win32.Build.0 = Debug|Any CPU
		{D8955E54-0875-4674-B60D-A7A1BDC01930}.Debug|x86.ActiveCfg = Debug|Any CPU
		{D8955E54-0875-4674-B60D-A7A1BDC01930}.Release|Any CPU.ActiveCfg = Debug|Any CPU
		{D8955E54-0875-4674-B60D-A7A1BDC01930}.Release|Any CPU.Build.0 = Debug|Any CPU
		{D8955E54-0875-4674-B60D-A7A1BDC01930}.Release|CooS.ActiveCfg = Debug|Any CPU
		{D8955E54-0875-4674-B60D-A7A1BDC01930}.Release|Mixed Platforms.ActiveCfg = Debug|Any CPU
		{D8955E54-0875-4674-B60D-A7A1BDC01930}.Release|Mixed Platforms.Build.0 = Debug|Any CPU
		{D8955E54-0875-4674-B60D-A7A1BDC01930}.Release|Win32.ActiveCfg = Debug|Any CPU
		{D8955E54-0875-4674-B60D-A7A1BDC01930}.Release|Win32.Build.0 = Debug|Any CPU
		{D8955E54-0875-4674-B60D-A7A1BDC01930}.Release|x86.ActiveCfg = Debug|Any CPU
		{D32A4DFC-F649-4176-9772-F8AC04EAD527}.Build|Any CPU.ActiveCfg = Release|Any CPU
		{D32A4DFC-F649-4176-9772-F8AC04EAD527}.Build|Any CPU.Build.0 = Release|Any CPU
		{D32A4DFC-F649-4176-9772-F8AC04EAD527}.Build|CooS.ActiveCfg = Release|Any CPU
		{D32A4DFC-F649-4176-9772-F8AC04EAD527}.Build|Mixed Platforms.ActiveCfg = Release|Any CPU
		{D32A4DFC-F649-4176-9772-F8AC04EAD527}.Build|Mixed Platforms.Build.0 = Release|Any CPU
		{D32A4DFC-F649-4176-9772-F8AC04EAD527}.Build|Win32.ActiveCfg = Release|Any CPU
		{D32A4DFC-F649-4176-9772-F8AC04EAD527}.Build|x86.ActiveCfg = Release|Any CPU
		{D32A4DFC-F649-4176-9772-F8AC04EAD527}.Debug|Any CPU.ActiveCfg = Debug|Any CPU
		{D32A4DFC-F649-4176-9772-F8AC04EAD527}.Debug|Any CPU.Build.0 = Debug|Any CPU
		{D32A4DFC-F649-4176-9772-F8AC04EAD527}.Debug|CooS.ActiveCfg = Debug|Any CPU
		{D32A4DFC-F649-4176-9772-F8AC04EAD527}.Debug|Mixed Platforms.ActiveCfg = Debug|Any CPU
		{D32A4DFC-F649-4176-9772-F8AC04EAD527}.Debug|Mixed Platforms.Build.0 = Debug|Any CPU
		{D32A4DFC-F649-4176-9772-F8AC04EAD527}.Debug|Win32.ActiveCfg = Debug|Any CPU
		{D32A4DFC-F649-4176-9772-F8AC04EAD527}.Debug|Win32.Build.0 = Debug|Any CPU
		{D32A4DFC-F649-4176-9772-F8AC04EAD527}.Debug|x86.ActiveCfg = Debug|Any CPU
		{D32A4DFC-F649-4176-9772-F8AC04EAD527}.Release|Any CPU.ActiveCfg = Release|Any CPU
		{D32A4DFC-F649-4176-9772-F8AC04EAD527}.Release|Any CPU.Build.0 = Release|Any CPU
		{D32A4DFC-F649-4176-9772-F8AC04EAD527}.Release|CooS.ActiveCfg = Release|Any CPU
		{D32A4DFC-F649-4176-9772-F8AC04EAD527}.Release|Mixed Platforms.ActiveCfg = Release|Any CPU
		{D32A4DFC-F649-4176-9772-F8AC04EAD527}.Release|Mixed Platforms.Build.0 = Release|Any CPU
		{D32A4DFC-F649-4176-9772-F8AC04EAD527}.Release|Win32.ActiveCfg = Release|Any CPU
		{D32A4DFC-F649-4176-9772-F8AC04EAD527}.Release|Win32.Build.0 = Release|Any CPU
		{D32A4DFC-F649-4176-9772-F8AC04EAD527}.Release|x86.ActiveCfg = Release|Any CPU
		{CCE2AAB1-F4B8-4676-A953-B9D2898D5CE7}.Build|Any CPU.ActiveCfg = Release|Any CPU
		{CCE2AAB1-F4B8-4676-A953-B9D2898D5CE7}.Build|Any CPU.Build.0 = Release|Any CPU
		{CCE2AAB1-F4B8-4676-A953-B9D2898D5CE7}.Build|CooS.ActiveCfg = Release|Any CPU
		{CCE2AAB1-F4B8-4676-A953-B9D2898D5CE7}.Build|Mixed Platforms.ActiveCfg = Release|Any CPU
		{CCE2AAB1-F4B8-4676-A953-B9D2898D5CE7}.Build|Mixed Platforms.Build.0 = Release|Any CPU
		{CCE2AAB1-F4B8-4676-A953-B9D2898D5CE7}.Build|Win32.ActiveCfg = Release|Any CPU
		{CCE2AAB1-F4B8-4676-A953-B9D2898D5CE7}.Build|x86.ActiveCfg = Release|Any CPU
		{CCE2AAB1-F4B8-4676-A953-B9D2898D5CE7}.Debug|Any CPU.ActiveCfg = Debug|Any CPU
		{CCE2AAB1-F4B8-4676-A953-B9D2898D5CE7}.Debug|Any CPU.Build.0 = Debug|Any CPU
		{CCE2AAB1-F4B8-4676-A953-B9D2898D5CE7}.Debug|CooS.ActiveCfg = Debug|Any CPU
		{CCE2AAB1-F4B8-4676-A953-B9D2898D5CE7}.Debug|Mixed Platforms.ActiveCfg = Debug|Any CPU
		{CCE2AAB1-F4B8-4676-A953-B9D2898D5CE7}.Debug|Mixed Platforms.Build.0 = Debug|Any CPU
		{CCE2AAB1-F4B8-4676-A953-B9D2898D5CE7}.Debug|Win32.ActiveCfg = Debug|Any CPU
		{CCE2AAB1-F4B8-4676-A953-B9D2898D5CE7}.Debug|x86.ActiveCfg = Debug|Any CPU
		{CCE2AAB1-F4B8-4676-A953-B9D2898D5CE7}.Release|Any CPU.ActiveCfg = Release|Any CPU
		{CCE2AAB1-F4B8-4676-A953-B9D2898D5CE7}.Release|Any CPU.Build.0 = Release|Any CPU
		{CCE2AAB1-F4B8-4676-A953-B9D2898D5CE7}.Release|CooS.ActiveCfg = Release|Any CPU
		{CCE2AAB1-F4B8-4676-A953-B9D2898D5CE7}.Release|Mixed Platforms.ActiveCfg = Release|Any CPU
		{CCE2AAB1-F4B8-4676-A953-B9D2898D5CE7}.Release|Mixed Platforms.Build.0 = Release|Any CPU
		{CCE2AAB1-F4B8-4676-A953-B9D2898D5CE7}.Release|Win32.ActiveCfg = Release|Any CPU
		{CCE2AAB1-F4B8-4676-A953-B9D2898D5CE7}.Release|x86.ActiveCfg = Release|Any CPU
		{10E8E575-88E5-4264-8276-C727222D23C2}.Build|Any CPU.ActiveCfg = Release|Any CPU
		{10E8E575-88E5-4264-8276-C727222D23C2}.Build|Any CPU.Build.0 = Release|Any CPU
		{10E8E575-88E5-4264-8276-C727222D23C2}.Build|CooS.ActiveCfg = Release|Any CPU
		{10E8E575-88E5-4264-8276-C727222D23C2}.Build|Mixed Platforms.ActiveCfg = Release|Any CPU
		{10E8E575-88E5-4264-8276-C727222D23C2}.Build|Mixed Platforms.Build.0 = Release|Any CPU
		{10E8E575-88E5-4264-8276-C727222D23C2}.Build|Win32.ActiveCfg = Release|Any CPU
		{10E8E575-88E5-4264-8276-C727222D23C2}.Build|x86.ActiveCfg = Release|Any CPU
		{10E8E575-88E5-4264-8276-C727222D23C2}.Debug|Any CPU.ActiveCfg = Debug|Any CPU
		{10E8E575-88E5-4264-8276-C727222D23C2}.Debug|Any CPU.Build.0 = Debug|Any CPU
		{10E8E575-88E5-4264-8276-C727222D23C2}.Debug|CooS.ActiveCfg = Debug|Any CPU
		{10E8E575-88E5-4264-8276-C727222D23C2}.Debug|Mixed Platforms.ActiveCfg = Debug|Any CPU
		{10E8E575-88E5-4264-8276-C727222D23C2}.Debug|Mixed Platforms.Build.0 = Debug|Any CPU
		{10E8E575-88E5-4264-8276-C727222D23C2}.Debug|Win32.ActiveCfg = Debug|Any CPU
		{10E8E575-88E5-4264-8276-C727222D23C2}.Debug|x86.ActiveCfg = Debug|Any CPU
		{10E8E575-88E5-4264-8276-C727222D23C2}.Release|Any CPU.ActiveCfg = Release|Any CPU
		{10E8E575-88E5-4264-8276-C727222D23C2}.Release|Any CPU.Build.0 = Release|Any CPU
		{10E8E575-88E5-4264-8276-C727222D23C2}.Release|CooS.ActiveCfg = Release|Any CPU
		{10E8E575-88E5-4264-8276-C727222D23C2}.Release|Mixed Platforms.ActiveCfg = Release|Any CPU
		{10E8E575-88E5-4264-8276-C727222D23C2}.Release|Mixed Platforms.Build.0 = Release|Any CPU
		{10E8E575-88E5-4264-8276-C727222D23C2}.Release|Win32.ActiveCfg = Release|Any CPU
		{10E8E575-88E5-4264-8276-C727222D23C2}.Release|x86.ActiveCfg = Release|Any CPU
		{F76AFDCB-2D48-499F-A363-C7B7E76F7DE4}.Build|Any CPU.ActiveCfg = Release|Any CPU
		{F76AFDCB-2D48-499F-A363-C7B7E76F7DE4}.Build|Any CPU.Build.0 = Release|Any CPU
		{F76AFDCB-2D48-499F-A363-C7B7E76F7DE4}.Build|CooS.ActiveCfg = Release|Any CPU
		{F76AFDCB-2D48-499F-A363-C7B7E76F7DE4}.Build|Mixed Platforms.ActiveCfg = Release|Any CPU
		{F76AFDCB-2D48-499F-A363-C7B7E76F7DE4}.Build|Mixed Platforms.Build.0 = Release|Any CPU
		{F76AFDCB-2D48-499F-A363-C7B7E76F7DE4}.Build|Win32.ActiveCfg = Release|Any CPU
		{F76AFDCB-2D48-499F-A363-C7B7E76F7DE4}.Build|x86.ActiveCfg = Release|Any CPU
		{F76AFDCB-2D48-499F-A363-C7B7E76F7DE4}.Debug|Any CPU.ActiveCfg = Debug|Any CPU
		{F76AFDCB-2D48-499F-A363-C7B7E76F7DE4}.Debug|Any CPU.Build.0 = Debug|Any CPU
		{F76AFDCB-2D48-499F-A363-C7B7E76F7DE4}.Debug|CooS.ActiveCfg = Debug|Any CPU
		{F76AFDCB-2D48-499F-A363-C7B7E76F7DE4}.Debug|Mixed Platforms.ActiveCfg = Debug|Any CPU
		{F76AFDCB-2D48-499F-A363-C7B7E76F7DE4}.Debug|Mixed Platforms.Build.0 = Debug|Any CPU
		{F76AFDCB-2D48-499F-A363-C7B7E76F7DE4}.Debug|Win32.ActiveCfg = Debug|Any CPU
		{F76AFDCB-2D48-499F-A363-C7B7E76F7DE4}.Debug|x86.ActiveCfg = Debug|Any CPU
		{F76AFDCB-2D48-499F-A363-C7B7E76F7DE4}.Release|Any CPU.ActiveCfg = Release|Any CPU
		{F76AFDCB-2D48-499F-A363-C7B7E76F7DE4}.Release|Any CPU.Build.0 = Release|Any CPU
		{F76AFDCB-2D48-499F-A363-C7B7E76F7DE4}.Release|CooS.ActiveCfg = Release|Any CPU
		{F76AFDCB-2D48-499F-A363-C7B7E76F7DE4}.Release|Mixed Platforms.ActiveCfg = Release|Any CPU
		{F76AFDCB-2D48-499F-A363-C7B7E76F7DE4}.Release|Mixed Platforms.Build.0 = Release|Any CPU
		{F76AFDCB-2D48-499F-A363-C7B7E76F7DE4}.Release|Win32.ActiveCfg = Release|Any CPU
		{F76AFDCB-2D48-499F-A363-C7B7E76F7DE4}.Release|x86.ActiveCfg = Release|Any CPU
		{28C6AF9E-3B48-4848-96D2-EC49C0A8A798}.Build|Any CPU.ActiveCfg = Release|Any CPU
		{28C6AF9E-3B48-4848-96D2-EC49C0A8A798}.Build|Any CPU.Build.0 = Release|Any CPU
		{28C6AF9E-3B48-4848-96D2-EC49C0A8A798}.Build|CooS.ActiveCfg = Release|Any CPU
		{28C6AF9E-3B48-4848-96D2-EC49C0A8A798}.Build|Mixed Platforms.ActiveCfg = Release|Any CPU
		{28C6AF9E-3B48-4848-96D2-EC49C0A8A798}.Build|Mixed Platforms.Build.0 = Release|Any CPU
		{28C6AF9E-3B48-4848-96D2-EC49C0A8A798}.Build|Win32.ActiveCfg = Release|Any CPU
		{28C6AF9E-3B48-4848-96D2-EC49C0A8A798}.Build|x86.ActiveCfg = Release|Any CPU
		{28C6AF9E-3B48-4848-96D2-EC49C0A8A798}.Debug|Any CPU.ActiveCfg = Debug|Any CPU
		{28C6AF9E-3B48-4848-96D2-EC49C0A8A798}.Debug|Any CPU.Build.0 = Debug|Any CPU
		{28C6AF9E-3B48-4848-96D2-EC49C0A8A798}.Debug|CooS.ActiveCfg = Debug|Any CPU
		{28C6AF9E-3B48-4848-96D2-EC49C0A8A798}.Debug|Mixed Platforms.ActiveCfg = Debug|Any CPU
		{28C6AF9E-3B48-4848-96D2-EC49C0A8A798}.Debug|Mixed Platforms.Build.0 = Debug|Any CPU
		{28C6AF9E-3B48-4848-96D2-EC49C0A8A798}.Debug|Win32.ActiveCfg = Debug|Any CPU
		{28C6AF9E-3B48-4848-96D2-EC49C0A8A798}.Debug|x86.ActiveCfg = Debug|Any CPU
		{28C6AF9E-3B48-4848-96D2-EC49C0A8A798}.Release|Any CPU.ActiveCfg = Release|Any CPU
		{28C6AF9E-3B48-4848-96D2-EC49C0A8A798}.Release|Any CPU.Build.0 = Release|Any CPU
		{28C6AF9E-3B48-4848-96D2-EC49C0A8A798}.Release|CooS.ActiveCfg = Release|Any CPU
		{28C6AF9E-3B48-4848-96D2-EC49C0A8A798}.Release|Mixed Platforms.ActiveCfg = Release|Any CPU
		{28C6AF9E-3B48-4848-96D2-EC49C0A8A798}.Release|Mixed Platforms.Build.0 = Release|Any CPU
		{28C6AF9E-3B48-4848-96D2-EC49C0A8A798}.Release|Win32.ActiveCfg = Release|Any CPU
		{28C6AF9E-3B48-4848-96D2-EC49C0A8A798}.Release|x86.ActiveCfg = Release|Any CPU
		{E3E65F86-7430-4A99-B06D-96E8985A49F8}.Build|Any CPU.ActiveCfg = Release|Any CPU
		{E3E65F86-7430-4A99-B06D-96E8985A49F8}.Build|Any CPU.Build.0 = Release|Any CPU
		{E3E65F86-7430-4A99-B06D-96E8985A49F8}.Build|CooS.ActiveCfg = Release|Any CPU
		{E3E65F86-7430-4A99-B06D-96E8985A49F8}.Build|Mixed Platforms.ActiveCfg = Release|Any CPU
		{E3E65F86-7430-4A99-B06D-96E8985A49F8}.Build|Mixed Platforms.Build.0 = Release|Any CPU
		{E3E65F86-7430-4A99-B06D-96E8985A49F8}.Build|Win32.ActiveCfg = Release|Any CPU
		{E3E65F86-7430-4A99-B06D-96E8985A49F8}.Build|x86.ActiveCfg = Release|Any CPU
		{E3E65F86-7430-4A99-B06D-96E8985A49F8}.Debug|Any CPU.ActiveCfg = Debug|Any CPU
		{E3E65F86-7430-4A99-B06D-96E8985A49F8}.Debug|Any CPU.Build.0 = Debug|Any CPU
		{E3E65F86-7430-4A99-B06D-96E8985A49F8}.Debug|CooS.ActiveCfg = Debug|Any CPU
		{E3E65F86-7430-4A99-B06D-96E8985A49F8}.Debug|Mixed Platforms.ActiveCfg = Debug|Any CPU
		{E3E65F86-7430-4A99-B06D-96E8985A49F8}.Debug|Mixed Platforms.Build.0 = Debug|Any CPU
		{E3E65F86-7430-4A99-B06D-96E8985A49F8}.Debug|Win32.ActiveCfg = Debug|Any CPU
		{E3E65F86-7430-4A99-B06D-96E8985A49F8}.Debug|x86.ActiveCfg = Debug|Any CPU
		{E3E65F86-7430-4A99-B06D-96E8985A49F8}.Release|Any CPU.ActiveCfg = Release|Any CPU
		{E3E65F86-7430-4A99-B06D-96E8985A49F8}.Release|Any CPU.Build.0 = Release|Any CPU
		{E3E65F86-7430-4A99-B06D-96E8985A49F8}.Release|CooS.ActiveCfg = Release|Any CPU
		{E3E65F86-7430-4A99-B06D-96E8985A49F8}.Release|Mixed Platforms.ActiveCfg = Release|Any CPU
		{E3E65F86-7430-4A99-B06D-96E8985A49F8}.Release|Mixed Platforms.Build.0 = Release|Any CPU
		{E3E65F86-7430-4A99-B06D-96E8985A49F8}.Release|Win32.ActiveCfg = Release|Any CPU
		{E3E65F86-7430-4A99-B06D-96E8985A49F8}.Release|x86.ActiveCfg = Release|Any CPU
		{7790D347-7677-4147-9616-55317E8181ED}.Build|Any CPU.ActiveCfg = Release|Any CPU
		{7790D347-7677-4147-9616-55317E8181ED}.Build|Any CPU.Build.0 = Release|Any CPU
		{7790D347-7677-4147-9616-55317E8181ED}.Build|CooS.ActiveCfg = Release|Any CPU
		{7790D347-7677-4147-9616-55317E8181ED}.Build|Mixed Platforms.ActiveCfg = Release|Any CPU
		{7790D347-7677-4147-9616-55317E8181ED}.Build|Mixed Platforms.Build.0 = Release|Any CPU
		{7790D347-7677-4147-9616-55317E8181ED}.Build|Win32.ActiveCfg = Release|Any CPU
		{7790D347-7677-4147-9616-55317E8181ED}.Build|x86.ActiveCfg = Release|Any CPU
		{7790D347-7677-4147-9616-55317E8181ED}.Debug|Any CPU.ActiveCfg = Debug|Any CPU
		{7790D347-7677-4147-9616-55317E8181ED}.Debug|Any CPU.Build.0 = Debug|Any CPU
		{7790D347-7677-4147-9616-55317E8181ED}.Debug|CooS.ActiveCfg = Debug|Any CPU
		{7790D347-7677-4147-9616-55317E8181ED}.Debug|Mixed Platforms.ActiveCfg = Debug|Any CPU
		{7790D347-7677-4147-9616-55317E8181ED}.Debug|Mixed Platforms.Build.0 = Debug|Any CPU
		{7790D347-7677-4147-9616-55317E8181ED}.Debug|Win32.ActiveCfg = Debug|Any CPU
		{7790D347-7677-4147-9616-55317E8181ED}.Debug|x86.ActiveCfg = Debug|Any CPU
		{7790D347-7677-4147-9616-55317E8181ED}.Release|Any CPU.ActiveCfg = Release|Any CPU
		{7790D347-7677-4147-9616-55317E8181ED}.Release|Any CPU.Build.0 = Release|Any CPU
		{7790D347-7677-4147-9616-55317E8181ED}.Release|CooS.ActiveCfg = Release|Any CPU
		{7790D347-7677-4147-9616-55317E8181ED}.Release|Mixed Platforms.ActiveCfg = Release|Any CPU
		{7790D347-7677-4147-9616-55317E8181ED}.Release|Mixed Platforms.Build.0 = Release|Any CPU
		{7790D347-7677-4147-9616-55317E8181ED}.Release|Win32.ActiveCfg = Release|Any CPU
		{7790D347-7677-4147-9616-55317E8181ED}.Release|x86.ActiveCfg = Release|Any CPU
		{F50B1B89-50E2-4E3F-BAE1-66E6B8D98C71}.Build|Any CPU.ActiveCfg = Release|Any CPU
		{F50B1B89-50E2-4E3F-BAE1-66E6B8D98C71}.Build|Any CPU.Build.0 = Release|Any CPU
		{F50B1B89-50E2-4E3F-BAE1-66E6B8D98C71}.Build|CooS.ActiveCfg = Release|Any CPU
		{F50B1B89-50E2-4E3F-BAE1-66E6B8D98C71}.Build|Mixed Platforms.ActiveCfg = Release|Any CPU
		{F50B1B89-50E2-4E3F-BAE1-66E6B8D98C71}.Build|Mixed Platforms.Build.0 = Release|Any CPU
		{F50B1B89-50E2-4E3F-BAE1-66E6B8D98C71}.Build|Win32.ActiveCfg = Release|Any CPU
		{F50B1B89-50E2-4E3F-BAE1-66E6B8D98C71}.Build|x86.ActiveCfg = Release|Any CPU
		{F50B1B89-50E2-4E3F-BAE1-66E6B8D98C71}.Debug|Any CPU.ActiveCfg = Debug|Any CPU
		{F50B1B89-50E2-4E3F-BAE1-66E6B8D98C71}.Debug|Any CPU.Build.0 = Debug|Any CPU
		{F50B1B89-50E2-4E3F-BAE1-66E6B8D98C71}.Debug|CooS.ActiveCfg = Debug|Any CPU
		{F50B1B89-50E2-4E3F-BAE1-66E6B8D98C71}.Debug|Mixed Platforms.ActiveCfg = Debug|Any CPU
		{F50B1B89-50E2-4E3F-BAE1-66E6B8D98C71}.Debug|Mixed Platforms.Build.0 = Debug|Any CPU
		{F50B1B89-50E2-4E3F-BAE1-66E6B8D98C71}.Debug|Win32.ActiveCfg = Debug|Any CPU
		{F50B1B89-50E2-4E3F-BAE1-66E6B8D98C71}.Debug|x86.ActiveCfg = Debug|Any CPU
		{F50B1B89-50E2-4E3F-BAE1-66E6B8D98C71}.Release|Any CPU.ActiveCfg = Release|Any CPU
		{F50B1B89-50E2-4E3F-BAE1-66E6B8D98C71}.Release|Any CPU.Build.0 = Release|Any CPU
		{F50B1B89-50E2-4E3F-BAE1-66E6B8D98C71}.Release|CooS.ActiveCfg = Release|Any CPU
		{F50B1B89-50E2-4E3F-BAE1-66E6B8D98C71}.Release|Mixed Platforms.ActiveCfg = Release|Any CPU
		{F50B1B89-50E2-4E3F-BAE1-66E6B8D98C71}.Release|Mixed Platforms.Build.0 = Release|Any CPU
		{F50B1B89-50E2-4E3F-BAE1-66E6B8D98C71}.Release|Win32.ActiveCfg = Release|Any CPU
		{F50B1B89-50E2-4E3F-BAE1-66E6B8D98C71}.Release|x86.ActiveCfg = Release|Any CPU
		{AD014FCD-534C-493C-BA3D-38E465EFF888}.Build|Any CPU.ActiveCfg = Release|Any CPU
		{AD014FCD-534C-493C-BA3D-38E465EFF888}.Build|Any CPU.Build.0 = Release|Any CPU
		{AD014FCD-534C-493C-BA3D-38E465EFF888}.Build|CooS.ActiveCfg = Release|Any CPU
		{AD014FCD-534C-493C-BA3D-38E465EFF888}.Build|Mixed Platforms.ActiveCfg = Release|Any CPU
		{AD014FCD-534C-493C-BA3D-38E465EFF888}.Build|Mixed Platforms.Build.0 = Release|Any CPU
		{AD014FCD-534C-493C-BA3D-38E465EFF888}.Build|Win32.ActiveCfg = Release|Any CPU
		{AD014FCD-534C-493C-BA3D-38E465EFF888}.Build|x86.ActiveCfg = Release|Any CPU
		{AD014FCD-534C-493C-BA3D-38E465EFF888}.Debug|Any CPU.ActiveCfg = Debug|Any CPU
		{AD014FCD-534C-493C-BA3D-38E465EFF888}.Debug|Any CPU.Build.0 = Debug|Any CPU
		{AD014FCD-534C-493C-BA3D-38E465EFF888}.Debug|CooS.ActiveCfg = Debug|Any CPU
		{AD014FCD-534C-493C-BA3D-38E465EFF888}.Debug|Mixed Platforms.ActiveCfg = Debug|Any CPU
		{AD014FCD-534C-493C-BA3D-38E465EFF888}.Debug|Mixed Platforms.Build.0 = Debug|Any CPU
		{AD014FCD-534C-493C-BA3D-38E465EFF888}.Debug|Win32.ActiveCfg = Debug|Any CPU
		{AD014FCD-534C-493C-BA3D-38E465EFF888}.Debug|x86.ActiveCfg = Debug|Any CPU
		{AD014FCD-534C-493C-BA3D-38E465EFF888}.Release|Any CPU.ActiveCfg = Release|Any CPU
		{AD014FCD-534C-493C-BA3D-38E465EFF888}.Release|Any CPU.Build.0 = Release|Any CPU
		{AD014FCD-534C-493C-BA3D-38E465EFF888}.Release|CooS.ActiveCfg = Release|Any CPU
		{AD014FCD-534C-493C-BA3D-38E465EFF888}.Release|Mixed Platforms.ActiveCfg = Release|Any CPU
		{AD014FCD-534C-493C-BA3D-38E465EFF888}.Release|Mixed Platforms.Build.0 = Release|Any CPU
		{AD014FCD-534C-493C-BA3D-38E465EFF888}.Release|Win32.ActiveCfg = Release|Any CPU
		{AD014FCD-534C-493C-BA3D-38E465EFF888}.Release|x86.ActiveCfg = Release|Any CPU
		{804DCFE1-E169-42B5-B9E1-F6B0E061BCDD}.Build|Any CPU.ActiveCfg = Release|Any CPU
		{804DCFE1-E169-42B5-B9E1-F6B0E061BCDD}.Build|Any CPU.Build.0 = Release|Any CPU
		{804DCFE1-E169-42B5-B9E1-F6B0E061BCDD}.Build|CooS.ActiveCfg = Release|Any CPU
		{804DCFE1-E169-42B5-B9E1-F6B0E061BCDD}.Build|Mixed Platforms.ActiveCfg = Release|Any CPU
		{804DCFE1-E169-42B5-B9E1-F6B0E061BCDD}.Build|Mixed Platforms.Build.0 = Release|Any CPU
		{804DCFE1-E169-42B5-B9E1-F6B0E061BCDD}.Build|Win32.ActiveCfg = Release|Any CPU
		{804DCFE1-E169-42B5-B9E1-F6B0E061BCDD}.Build|x86.ActiveCfg = Release|Any CPU
		{804DCFE1-E169-42B5-B9E1-F6B0E061BCDD}.Debug|Any CPU.ActiveCfg = Debug|Any CPU
		{804DCFE1-E169-42B5-B9E1-F6B0E061BCDD}.Debug|Any CPU.Build.0 = Debug|Any CPU
		{804DCFE1-E169-42B5-B9E1-F6B0E061BCDD}.Debug|CooS.ActiveCfg = Debug|Any CPU
		{804DCFE1-E169-42B5-B9E1-F6B0E061BCDD}.Debug|Mixed Platforms.ActiveCfg = Debug|Any CPU
		{804DCFE1-E169-42B5-B9E1-F6B0E061BCDD}.Debug|Mixed Platforms.Build.0 = Debug|Any CPU
		{804DCFE1-E169-42B5-B9E1-F6B0E061BCDD}.Debug|Win32.ActiveCfg = Debug|Any CPU
		{804DCFE1-E169-42B5-B9E1-F6B0E061BCDD}.Debug|x86.ActiveCfg = Debug|Any CPU
		{804DCFE1-E169-42B5-B9E1-F6B0E061BCDD}.Release|Any CPU.ActiveCfg = Release|Any CPU
		{804DCFE1-E169-42B5-B9E1-F6B0E061BCDD}.Release|Any CPU.Build.0 = Release|Any CPU
		{804DCFE1-E169-42B5-B9E1-F6B0E061BCDD}.Release|CooS.ActiveCfg = Release|Any CPU
		{804DCFE1-E169-42B5-B9E1-F6B0E061BCDD}.Release|Mixed Platforms.ActiveCfg = Release|Any CPU
		{804DCFE1-E169-42B5-B9E1-F6B0E061BCDD}.Release|Mixed Platforms.Build.0 = Release|Any CPU
		{804DCFE1-E169-42B5-B9E1-F6B0E061BCDD}.Release|Win32.ActiveCfg = Release|Any CPU
		{804DCFE1-E169-42B5-B9E1-F6B0E061BCDD}.Release|x86.ActiveCfg = Release|Any CPU
		{FB2CC4F8-9831-4D99-91D6-37F3EFFA4220}.Build|Any CPU.ActiveCfg = Release|Any CPU
		{FB2CC4F8-9831-4D99-91D6-37F3EFFA4220}.Build|Any CPU.Build.0 = Release|Any CPU
		{FB2CC4F8-9831-4D99-91D6-37F3EFFA4220}.Build|CooS.ActiveCfg = Release|Any CPU
		{FB2CC4F8-9831-4D99-91D6-37F3EFFA4220}.Build|Mixed Platforms.ActiveCfg = Release|Any CPU
		{FB2CC4F8-9831-4D99-91D6-37F3EFFA4220}.Build|Mixed Platforms.Build.0 = Release|Any CPU
		{FB2CC4F8-9831-4D99-91D6-37F3EFFA4220}.Build|Win32.ActiveCfg = Release|Any CPU
		{FB2CC4F8-9831-4D99-91D6-37F3EFFA4220}.Build|x86.ActiveCfg = Release|Any CPU
		{FB2CC4F8-9831-4D99-91D6-37F3EFFA4220}.Debug|Any CPU.ActiveCfg = Debug|Any CPU
		{FB2CC4F8-9831-4D99-91D6-37F3EFFA4220}.Debug|Any CPU.Build.0 = Debug|Any CPU
		{FB2CC4F8-9831-4D99-91D6-37F3EFFA4220}.Debug|CooS.ActiveCfg = Debug|Any CPU
		{FB2CC4F8-9831-4D99-91D6-37F3EFFA4220}.Debug|Mixed Platforms.ActiveCfg = Debug|Any CPU
		{FB2CC4F8-9831-4D99-91D6-37F3EFFA4220}.Debug|Mixed Platforms.Build.0 = Debug|Any CPU
		{FB2CC4F8-9831-4D99-91D6-37F3EFFA4220}.Debug|Win32.ActiveCfg = Debug|Any CPU
		{FB2CC4F8-9831-4D99-91D6-37F3EFFA4220}.Debug|x86.ActiveCfg = Debug|Any CPU
		{FB2CC4F8-9831-4D99-91D6-37F3EFFA4220}.Release|Any CPU.ActiveCfg = Release|Any CPU
		{FB2CC4F8-9831-4D99-91D6-37F3EFFA4220}.Release|Any CPU.Build.0 = Release|Any CPU
		{FB2CC4F8-9831-4D99-91D6-37F3EFFA4220}.Release|CooS.ActiveCfg = Release|Any CPU
		{FB2CC4F8-9831-4D99-91D6-37F3EFFA4220}.Release|Mixed Platforms.ActiveCfg = Release|Any CPU
		{FB2CC4F8-9831-4D99-91D6-37F3EFFA4220}.Release|Mixed Platforms.Build.0 = Release|Any CPU
		{FB2CC4F8-9831-4D99-91D6-37F3EFFA4220}.Release|Win32.ActiveCfg = Release|Any CPU
		{FB2CC4F8-9831-4D99-91D6-37F3EFFA4220}.Release|x86.ActiveCfg = Release|Any CPU
	EndGlobalSection
	GlobalSection(SolutionProperties) = preSolution
		HideSolutionNode = FALSE
	EndGlobalSection
EndGlobal
